// !$*UTF8*$!
{
	archiveVersion = 1;
	classes = {
	};
	objectVersion = 46;
	objects = {

/* Begin PBXBuildFile section */
		884BB0121A304C04007DF242 /* Info.plist in Resources */ = {isa = PBXBuildFile; fileRef = 884BB0111A304C04007DF242 /* Info.plist */; };
		884BB0141A304C0A007DF242 /* main.cpp in Sources */ = {isa = PBXBuildFile; fileRef = 884BB0131A304C0A007DF242 /* main.cpp */; };
		884BC1591A304D10007DF242 /* Cocoa.framework in Frameworks */ = {isa = PBXBuildFile; fileRef = 884BC1581A304D10007DF242 /* Cocoa.framework */; };
		884BC15D1A304D1A007DF242 /* Foundation.framework in Frameworks */ = {isa = PBXBuildFile; fileRef = 884BC15C1A304D1A007DF242 /* Foundation.framework */; };
		884BC15F1A304D1E007DF242 /* CoreGraphics.framework in Frameworks */ = {isa = PBXBuildFile; fileRef = 884BC15E1A304D1E007DF242 /* CoreGraphics.framework */; };
		884BC1611A304D22007DF242 /* Quartz.framework in Frameworks */ = {isa = PBXBuildFile; fileRef = 884BC1601A304D22007DF242 /* Quartz.framework */; };
		884BC1941A329B34007DF242 /* osx_shared.mm in Sources */ = {isa = PBXBuildFile; fileRef = 884BC1921A329B34007DF242 /* osx_shared.mm */; };
		884BC1C61A344FE2007DF242 /* GuiGraphicsCoreGraphics.mm in Sources */ = {isa = PBXBuildFile; fileRef = 884BC1AC1A344FE2007DF242 /* GuiGraphicsCoreGraphics.mm */; };
		884BC1C71A344FE2007DF242 /* GuiGraphicsCoreGraphicsRenderers.mm in Sources */ = {isa = PBXBuildFile; fileRef = 884BC1AE1A344FE2007DF242 /* GuiGraphicsCoreGraphicsRenderers.mm */; };
		884BC1C81A344FE2007DF242 /* CocoaBaseView.mm in Sources */ = {isa = PBXBuildFile; fileRef = 884BC1B21A344FE2007DF242 /* CocoaBaseView.mm */; };
		884BC1C91A344FE2007DF242 /* CocoaHelper.mm in Sources */ = {isa = PBXBuildFile; fileRef = 884BC1B41A344FE2007DF242 /* CocoaHelper.mm */; };
		884BC1CA1A344FE2007DF242 /* CocoaNativeController.mm in Sources */ = {isa = PBXBuildFile; fileRef = 884BC1B61A344FE2007DF242 /* CocoaNativeController.mm */; };
		884BC1CB1A344FE2007DF242 /* CocoaWindow.mm in Sources */ = {isa = PBXBuildFile; fileRef = 884BC1B91A344FE2007DF242 /* CocoaWindow.mm */; };
		884BC1CC1A344FE2007DF242 /* CoreGraphicsApp.mm in Sources */ = {isa = PBXBuildFile; fileRef = 884BC1BC1A344FE2007DF242 /* CoreGraphicsApp.mm */; };
		884BC1CD1A344FE2007DF242 /* CocoaCallbackService.mm in Sources */ = {isa = PBXBuildFile; fileRef = 884BC1BF1A344FE2007DF242 /* CocoaCallbackService.mm */; };
		884BC1CE1A344FE2007DF242 /* CocoaInputService.mm in Sources */ = {isa = PBXBuildFile; fileRef = 884BC1C11A344FE2007DF242 /* CocoaInputService.mm */; };
		884BC1CF1A344FE2007DF242 /* CocoaResourceService.mm in Sources */ = {isa = PBXBuildFile; fileRef = 884BC1C31A344FE2007DF242 /* CocoaResourceService.mm */; };
		884BC1D01A344FE2007DF242 /* CocoaScreenService.mm in Sources */ = {isa = PBXBuildFile; fileRef = 884BC1C51A344FE2007DF242 /* CocoaScreenService.mm */; };
		884BC1DD1A353C9B007DF242 /* GacUI.cpp in Sources */ = {isa = PBXBuildFile; fileRef = 884BC1D31A353C9B007DF242 /* GacUI.cpp */; };
		884BC1DE1A353C9B007DF242 /* GacUIReflection.cpp in Sources */ = {isa = PBXBuildFile; fileRef = 884BC1D51A353C9B007DF242 /* GacUIReflection.cpp */; };
		884BC1E01A353C9B007DF242 /* Vlpp.cpp in Sources */ = {isa = PBXBuildFile; fileRef = 884BC1D91A353C9B007DF242 /* Vlpp.cpp */; };
		884BC1E11A353C9B007DF242 /* VlppWorkflow.cpp in Sources */ = {isa = PBXBuildFile; fileRef = 884BC1DB1A353C9B007DF242 /* VlppWorkflow.cpp */; };
		884BC1E81A35B704007DF242 /* CocoaAsyncService.mm in Sources */ = {isa = PBXBuildFile; fileRef = 884BC1E61A35B704007DF242 /* CocoaAsyncService.mm */; };
		884BC1EB1A373CB6007DF242 /* CocoaImageService.mm in Sources */ = {isa = PBXBuildFile; fileRef = 884BC1E91A373CB6007DF242 /* CocoaImageService.mm */; };
		884BC1EE1A373CBE007DF242 /* CocoaDialogService.mm in Sources */ = {isa = PBXBuildFile; fileRef = 884BC1EC1A373CBE007DF242 /* CocoaDialogService.mm */; };
		884BC1F11A373CC9007DF242 /* CocoaClipboardService.mm in Sources */ = {isa = PBXBuildFile; fileRef = 884BC1EF1A373CC9007DF242 /* CocoaClipboardService.mm */; };
		884BC1FC1A3BF4FD007DF242 /* UnixFileSystemInfo.cpp in Sources */ = {isa = PBXBuildFile; fileRef = 884BC1FA1A3BF4FD007DF242 /* UnixFileSystemInfo.cpp */; };
		8898398F1A3D3C5C00FBA63B /* _Copy.png in Resources */ = {isa = PBXBuildFile; fileRef = 889839611A3D3C5C00FBA63B /* _Copy.png */; };
		889839901A3D3C5C00FBA63B /* _Cut.png in Resources */ = {isa = PBXBuildFile; fileRef = 889839621A3D3C5C00FBA63B /* _Cut.png */; };
		889839911A3D3C5C00FBA63B /* _Delete.png in Resources */ = {isa = PBXBuildFile; fileRef = 889839631A3D3C5C00FBA63B /* _Delete.png */; };
		889839921A3D3C5C00FBA63B /* _New.png in Resources */ = {isa = PBXBuildFile; fileRef = 889839641A3D3C5C00FBA63B /* _New.png */; };
		889839931A3D3C5C00FBA63B /* _Open.png in Resources */ = {isa = PBXBuildFile; fileRef = 889839651A3D3C5C00FBA63B /* _Open.png */; };
		889839941A3D3C5C00FBA63B /* _Paste.png in Resources */ = {isa = PBXBuildFile; fileRef = 889839661A3D3C5C00FBA63B /* _Paste.png */; };
		889839951A3D3C5C00FBA63B /* _Print.png in Resources */ = {isa = PBXBuildFile; fileRef = 889839671A3D3C5C00FBA63B /* _Print.png */; };
		889839961A3D3C5C00FBA63B /* _Redo.png in Resources */ = {isa = PBXBuildFile; fileRef = 889839681A3D3C5C00FBA63B /* _Redo.png */; };
		889839971A3D3C5C00FBA63B /* _Save.png in Resources */ = {isa = PBXBuildFile; fileRef = 889839691A3D3C5C00FBA63B /* _Save.png */; };
		889839981A3D3C5C00FBA63B /* _SaveAs.png in Resources */ = {isa = PBXBuildFile; fileRef = 8898396A1A3D3C5C00FBA63B /* _SaveAs.png */; };
		889839991A3D3C5C00FBA63B /* _Undo.png in Resources */ = {isa = PBXBuildFile; fileRef = 8898396B1A3D3C5C00FBA63B /* _Undo.png */; };
		8898399A1A3D3C5C00FBA63B /* BigDoc.png in Resources */ = {isa = PBXBuildFile; fileRef = 8898396C1A3D3C5C00FBA63B /* BigDoc.png */; };
		8898399B1A3D3C5C00FBA63B /* CalculatorDefinition.txt in Resources */ = {isa = PBXBuildFile; fileRef = 8898396D1A3D3C5C00FBA63B /* CalculatorDefinition.txt */; };
		8898399C1A3D3C5C00FBA63B /* Chemical.txt in Resources */ = {isa = PBXBuildFile; fileRef = 8898396E1A3D3C5C00FBA63B /* Chemical.txt */; };
		8898399D1A3D3C5C00FBA63B /* document2.xml in Resources */ = {isa = PBXBuildFile; fileRef = 8898396F1A3D3C5C00FBA63B /* document2.xml */; };
		8898399E1A3D3C5C00FBA63B /* Gif.gif in Resources */ = {isa = PBXBuildFile; fileRef = 889839701A3D3C5C00FBA63B /* Gif.gif */; };
		8898399F1A3D3C5C00FBA63B /* HelloWorld.xml in Resources */ = {isa = PBXBuildFile; fileRef = 889839711A3D3C5C00FBA63B /* HelloWorld.xml */; };
		889839A01A3D3C5C00FBA63B /* HelloWorldViewModel.xml in Resources */ = {isa = PBXBuildFile; fileRef = 889839721A3D3C5C00FBA63B /* HelloWorldViewModel.xml */; };
		889839A11A3D3C5C00FBA63B /* JsonSample.txt in Resources */ = {isa = PBXBuildFile; fileRef = 889839731A3D3C5C00FBA63B /* JsonSample.txt */; };
		889839A21A3D3C5C00FBA63B /* OfficeExcel.ico in Resources */ = {isa = PBXBuildFile; fileRef = 889839741A3D3C5C00FBA63B /* OfficeExcel.ico */; };
		889839A31A3D3C5C00FBA63B /* OfficeOneNote.ico in Resources */ = {isa = PBXBuildFile; fileRef = 889839751A3D3C5C00FBA63B /* OfficeOneNote.ico */; };
		889839A41A3D3C5C00FBA63B /* OfficeOutlook.ico in Resources */ = {isa = PBXBuildFile; fileRef = 889839761A3D3C5C00FBA63B /* OfficeOutlook.ico */; };
		889839A51A3D3C5C00FBA63B /* OfficePowerPoint.ico in Resources */ = {isa = PBXBuildFile; fileRef = 889839771A3D3C5C00FBA63B /* OfficePowerPoint.ico */; };
		889839A61A3D3C5C00FBA63B /* OfficeWord.ico in Resources */ = {isa = PBXBuildFile; fileRef = 889839781A3D3C5C00FBA63B /* OfficeWord.ico */; };
		889839A71A3D3C5C00FBA63B /* s_AlignCenter.png in Resources */ = {isa = PBXBuildFile; fileRef = 889839791A3D3C5C00FBA63B /* s_AlignCenter.png */; };
		889839A81A3D3C5C00FBA63B /* s_AlignLeft.png in Resources */ = {isa = PBXBuildFile; fileRef = 8898397A1A3D3C5C00FBA63B /* s_AlignLeft.png */; };
		889839A91A3D3C5C00FBA63B /* s_AlignRight.png in Resources */ = {isa = PBXBuildFile; fileRef = 8898397B1A3D3C5C00FBA63B /* s_AlignRight.png */; };
		889839AA1A3D3C5C00FBA63B /* s_Background.png in Resources */ = {isa = PBXBuildFile; fileRef = 8898397C1A3D3C5C00FBA63B /* s_Background.png */; };
		889839AB1A3D3C5C00FBA63B /* s_Bold.png in Resources */ = {isa = PBXBuildFile; fileRef = 8898397D1A3D3C5C00FBA63B /* s_Bold.png */; };
		889839AC1A3D3C5C00FBA63B /* s_Color.png in Resources */ = {isa = PBXBuildFile; fileRef = 8898397E1A3D3C5C00FBA63B /* s_Color.png */; };
		889839AD1A3D3C5C00FBA63B /* s_Font.png in Resources */ = {isa = PBXBuildFile; fileRef = 8898397F1A3D3C5C00FBA63B /* s_Font.png */; };
		889839AE1A3D3C5C00FBA63B /* s_Italic.png in Resources */ = {isa = PBXBuildFile; fileRef = 889839801A3D3C5C00FBA63B /* s_Italic.png */; };
		889839AF1A3D3C5C00FBA63B /* s_Strike.png in Resources */ = {isa = PBXBuildFile; fileRef = 889839811A3D3C5C00FBA63B /* s_Strike.png */; };
		889839B01A3D3C5C00FBA63B /* s_Underline.png in Resources */ = {isa = PBXBuildFile; fileRef = 889839821A3D3C5C00FBA63B /* s_Underline.png */; };
		889839B11A3D3C5C00FBA63B /* XmlDoc.xml in Resources */ = {isa = PBXBuildFile; fileRef = 889839831A3D3C5C00FBA63B /* XmlDoc.xml */; };
		889839B21A3D3C5C00FBA63B /* XmlDocDemo.xml in Resources */ = {isa = PBXBuildFile; fileRef = 889839841A3D3C5C00FBA63B /* XmlDocDemo.xml */; };
		889839B31A3D3C5C00FBA63B /* XmlDocDemo_TooltipWindow.jpg in Resources */ = {isa = PBXBuildFile; fileRef = 889839851A3D3C5C00FBA63B /* XmlDocDemo_TooltipWindow.jpg */; };
		889839B41A3D3C5C00FBA63B /* XmlResource.xml in Resources */ = {isa = PBXBuildFile; fileRef = 889839861A3D3C5C00FBA63B /* XmlResource.xml */; };
		889839B51A3D3C5C00FBA63B /* XmlWindowResource.xml in Resources */ = {isa = PBXBuildFile; fileRef = 889839871A3D3C5C00FBA63B /* XmlWindowResource.xml */; };
		889839B61A3D3C5C00FBA63B /* XmlWindowResourceControlTemplate.precompiled.bin in Resources */ = {isa = PBXBuildFile; fileRef = 889839881A3D3C5C00FBA63B /* XmlWindowResourceControlTemplate.precompiled.bin */; };
		889839B71A3D3C5C00FBA63B /* XmlWindowResourceControlTemplate.precompiled.compressed in Resources */ = {isa = PBXBuildFile; fileRef = 889839891A3D3C5C00FBA63B /* XmlWindowResourceControlTemplate.precompiled.compressed */; };
		889839B81A3D3C5C00FBA63B /* XmlWindowResourceControlTemplate.precompiled.xml in Resources */ = {isa = PBXBuildFile; fileRef = 8898398A1A3D3C5C00FBA63B /* XmlWindowResourceControlTemplate.precompiled.xml */; };
		889839B91A3D3C5C00FBA63B /* XmlWindowResourceDataBinding.xml in Resources */ = {isa = PBXBuildFile; fileRef = 8898398B1A3D3C5C00FBA63B /* XmlWindowResourceDataBinding.xml */; };
		889839BA1A3D3C5C00FBA63B /* XmlWindowResourceItemTemplate.xml in Resources */ = {isa = PBXBuildFile; fileRef = 8898398C1A3D3C5C00FBA63B /* XmlWindowResourceItemTemplate.xml */; };
		889839BB1A3D3C5C00FBA63B /* XmlWindowResourceListViewModel.xml in Resources */ = {isa = PBXBuildFile; fileRef = 8898398D1A3D3C5C00FBA63B /* XmlWindowResourceListViewModel.xml */; };
		889839BC1A3D3C5C00FBA63B /* XmlWindowResourceViewModel.xml in Resources */ = {isa = PBXBuildFile; fileRef = 8898398E1A3D3C5C00FBA63B /* XmlWindowResourceViewModel.xml */; };
/* End PBXBuildFile section */

/* Begin PBXFileReference section */
		884BAFEE1A304BA1007DF242 /* GacOSX.app */ = {isa = PBXFileReference; explicitFileType = wrapper.application; includeInIndex = 0; path = GacOSX.app; sourceTree = BUILT_PRODUCTS_DIR; };
		884BB0111A304C04007DF242 /* Info.plist */ = {isa = PBXFileReference; fileEncoding = 4; lastKnownFileType = text.plist.xml; path = Info.plist; sourceTree = SOURCE_ROOT; };
		884BB0131A304C0A007DF242 /* main.cpp */ = {isa = PBXFileReference; fileEncoding = 4; lastKnownFileType = sourcecode.cpp.cpp; path = main.cpp; sourceTree = SOURCE_ROOT; };
		884BC1581A304D10007DF242 /* Cocoa.framework */ = {isa = PBXFileReference; lastKnownFileType = wrapper.framework; name = Cocoa.framework; path = System/Library/Frameworks/Cocoa.framework; sourceTree = SDKROOT; };
		884BC15A1A304D13007DF242 /* CoreFoundation.framework */ = {isa = PBXFileReference; lastKnownFileType = wrapper.framework; name = CoreFoundation.framework; path = System/Library/Frameworks/CoreFoundation.framework; sourceTree = SDKROOT; };
		884BC15C1A304D1A007DF242 /* Foundation.framework */ = {isa = PBXFileReference; lastKnownFileType = wrapper.framework; name = Foundation.framework; path = System/Library/Frameworks/Foundation.framework; sourceTree = SDKROOT; };
		884BC15E1A304D1E007DF242 /* CoreGraphics.framework */ = {isa = PBXFileReference; lastKnownFileType = wrapper.framework; name = CoreGraphics.framework; path = System/Library/Frameworks/CoreGraphics.framework; sourceTree = SDKROOT; };
		884BC1601A304D22007DF242 /* Quartz.framework */ = {isa = PBXFileReference; lastKnownFileType = wrapper.framework; name = Quartz.framework; path = System/Library/Frameworks/Quartz.framework; sourceTree = SDKROOT; };
		884BC16B1A32986D007DF242 /* label_hyperlink.h */ = {isa = PBXFileReference; fileEncoding = 4; lastKnownFileType = sourcecode.c.h; path = label_hyperlink.h; sourceTree = SOURCE_ROOT; };
		884BC1911A329998007DF242 /* label_basic.h */ = {isa = PBXFileReference; lastKnownFileType = sourcecode.c.h; path = label_basic.h; sourceTree = SOURCE_ROOT; };
		884BC1921A329B34007DF242 /* osx_shared.mm */ = {isa = PBXFileReference; fileEncoding = 4; lastKnownFileType = sourcecode.cpp.objcpp; path = osx_shared.mm; sourceTree = SOURCE_ROOT; };
		884BC1931A329B34007DF242 /* osx_shared.h */ = {isa = PBXFileReference; fileEncoding = 4; lastKnownFileType = sourcecode.c.h; path = osx_shared.h; sourceTree = SOURCE_ROOT; };
		884BC1AB1A344FE2007DF242 /* GuiGraphicsCoreGraphics.h */ = {isa = PBXFileReference; fileEncoding = 4; lastKnownFileType = sourcecode.c.h; path = GuiGraphicsCoreGraphics.h; sourceTree = "<group>"; };
		884BC1AC1A344FE2007DF242 /* GuiGraphicsCoreGraphics.mm */ = {isa = PBXFileReference; fileEncoding = 4; lastKnownFileType = sourcecode.cpp.objcpp; path = GuiGraphicsCoreGraphics.mm; sourceTree = "<group>"; };
		884BC1AD1A344FE2007DF242 /* GuiGraphicsCoreGraphicsRenderers.h */ = {isa = PBXFileReference; fileEncoding = 4; lastKnownFileType = sourcecode.c.h; path = GuiGraphicsCoreGraphicsRenderers.h; sourceTree = "<group>"; };
		884BC1AE1A344FE2007DF242 /* GuiGraphicsCoreGraphicsRenderers.mm */ = {isa = PBXFileReference; fileEncoding = 4; lastKnownFileType = sourcecode.cpp.objcpp; path = GuiGraphicsCoreGraphicsRenderers.mm; sourceTree = "<group>"; };
		884BC1B11A344FE2007DF242 /* CocoaBaseView.h */ = {isa = PBXFileReference; fileEncoding = 4; lastKnownFileType = sourcecode.c.h; path = CocoaBaseView.h; sourceTree = "<group>"; };
		884BC1B21A344FE2007DF242 /* CocoaBaseView.mm */ = {isa = PBXFileReference; fileEncoding = 4; lastKnownFileType = sourcecode.cpp.objcpp; path = CocoaBaseView.mm; sourceTree = "<group>"; };
		884BC1B31A344FE2007DF242 /* CocoaHelper.h */ = {isa = PBXFileReference; fileEncoding = 4; lastKnownFileType = sourcecode.c.h; path = CocoaHelper.h; sourceTree = "<group>"; };
		884BC1B41A344FE2007DF242 /* CocoaHelper.mm */ = {isa = PBXFileReference; fileEncoding = 4; lastKnownFileType = sourcecode.cpp.objcpp; path = CocoaHelper.mm; sourceTree = "<group>"; };
		884BC1B51A344FE2007DF242 /* CocoaNativeController.h */ = {isa = PBXFileReference; fileEncoding = 4; lastKnownFileType = sourcecode.c.h; path = CocoaNativeController.h; sourceTree = "<group>"; };
		884BC1B61A344FE2007DF242 /* CocoaNativeController.mm */ = {isa = PBXFileReference; fileEncoding = 4; lastKnownFileType = sourcecode.cpp.objcpp; path = CocoaNativeController.mm; sourceTree = "<group>"; };
		884BC1B71A344FE2007DF242 /* CocoaPredef.h */ = {isa = PBXFileReference; fileEncoding = 4; lastKnownFileType = sourcecode.c.h; path = CocoaPredef.h; sourceTree = "<group>"; };
		884BC1B81A344FE2007DF242 /* CocoaWindow.h */ = {isa = PBXFileReference; fileEncoding = 4; lastKnownFileType = sourcecode.c.h; path = CocoaWindow.h; sourceTree = "<group>"; };
		884BC1B91A344FE2007DF242 /* CocoaWindow.mm */ = {isa = PBXFileReference; fileEncoding = 4; lastKnownFileType = sourcecode.cpp.objcpp; path = CocoaWindow.mm; sourceTree = "<group>"; };
		884BC1BB1A344FE2007DF242 /* CoreGraphicsApp.h */ = {isa = PBXFileReference; fileEncoding = 4; lastKnownFileType = sourcecode.c.h; path = CoreGraphicsApp.h; sourceTree = "<group>"; };
		884BC1BC1A344FE2007DF242 /* CoreGraphicsApp.mm */ = {isa = PBXFileReference; fileEncoding = 4; lastKnownFileType = sourcecode.cpp.objcpp; path = CoreGraphicsApp.mm; sourceTree = "<group>"; };
		884BC1BE1A344FE2007DF242 /* CocoaCallbackService.h */ = {isa = PBXFileReference; fileEncoding = 4; lastKnownFileType = sourcecode.c.h; path = CocoaCallbackService.h; sourceTree = "<group>"; };
		884BC1BF1A344FE2007DF242 /* CocoaCallbackService.mm */ = {isa = PBXFileReference; fileEncoding = 4; lastKnownFileType = sourcecode.cpp.objcpp; path = CocoaCallbackService.mm; sourceTree = "<group>"; };
		884BC1C01A344FE2007DF242 /* CocoaInputService.h */ = {isa = PBXFileReference; fileEncoding = 4; lastKnownFileType = sourcecode.c.h; path = CocoaInputService.h; sourceTree = "<group>"; };
		884BC1C11A344FE2007DF242 /* CocoaInputService.mm */ = {isa = PBXFileReference; fileEncoding = 4; lastKnownFileType = sourcecode.cpp.objcpp; path = CocoaInputService.mm; sourceTree = "<group>"; };
		884BC1C21A344FE2007DF242 /* CocoaResourceService.h */ = {isa = PBXFileReference; fileEncoding = 4; lastKnownFileType = sourcecode.c.h; path = CocoaResourceService.h; sourceTree = "<group>"; };
		884BC1C31A344FE2007DF242 /* CocoaResourceService.mm */ = {isa = PBXFileReference; fileEncoding = 4; lastKnownFileType = sourcecode.cpp.objcpp; path = CocoaResourceService.mm; sourceTree = "<group>"; };
		884BC1C41A344FE2007DF242 /* CocoaScreenService.h */ = {isa = PBXFileReference; fileEncoding = 4; lastKnownFileType = sourcecode.c.h; path = CocoaScreenService.h; sourceTree = "<group>"; };
		884BC1C51A344FE2007DF242 /* CocoaScreenService.mm */ = {isa = PBXFileReference; fileEncoding = 4; lastKnownFileType = sourcecode.cpp.objcpp; path = CocoaScreenService.mm; sourceTree = "<group>"; };
		884BC1D31A353C9B007DF242 /* GacUI.cpp */ = {isa = PBXFileReference; fileEncoding = 4; lastKnownFileType = sourcecode.cpp.cpp; path = GacUI.cpp; sourceTree = "<group>"; };
		884BC1D41A353C9B007DF242 /* GacUI.h */ = {isa = PBXFileReference; fileEncoding = 4; lastKnownFileType = sourcecode.c.h; path = GacUI.h; sourceTree = "<group>"; };
		884BC1D51A353C9B007DF242 /* GacUIReflection.cpp */ = {isa = PBXFileReference; fileEncoding = 4; lastKnownFileType = sourcecode.cpp.cpp; path = GacUIReflection.cpp; sourceTree = "<group>"; };
		884BC1D61A353C9B007DF242 /* GacUIReflection.h */ = {isa = PBXFileReference; fileEncoding = 4; lastKnownFileType = sourcecode.c.h; path = GacUIReflection.h; sourceTree = "<group>"; };
		884BC1D91A353C9B007DF242 /* Vlpp.cpp */ = {isa = PBXFileReference; fileEncoding = 4; lastKnownFileType = sourcecode.cpp.cpp; path = Vlpp.cpp; sourceTree = "<group>"; };
		884BC1DA1A353C9B007DF242 /* Vlpp.h */ = {isa = PBXFileReference; fileEncoding = 4; lastKnownFileType = sourcecode.c.h; path = Vlpp.h; sourceTree = "<group>"; };
		884BC1DB1A353C9B007DF242 /* VlppWorkflow.cpp */ = {isa = PBXFileReference; fileEncoding = 4; lastKnownFileType = sourcecode.cpp.cpp; path = VlppWorkflow.cpp; sourceTree = "<group>"; };
		884BC1DC1A353C9B007DF242 /* VlppWorkflow.h */ = {isa = PBXFileReference; fileEncoding = 4; lastKnownFileType = sourcecode.c.h; path = VlppWorkflow.h; sourceTree = "<group>"; };
		884BC1E21A354F5E007DF242 /* button_enable_disable.h */ = {isa = PBXFileReference; lastKnownFileType = sourcecode.c.h; path = button_enable_disable.h; sourceTree = SOURCE_ROOT; };
		884BC1E31A354F69007DF242 /* gac_include.h */ = {isa = PBXFileReference; lastKnownFileType = sourcecode.c.h; path = gac_include.h; sourceTree = SOURCE_ROOT; };
		884BC1E41A3595E6007DF242 /* button_check_and_radio.h */ = {isa = PBXFileReference; lastKnownFileType = sourcecode.c.h; path = button_check_and_radio.h; sourceTree = SOURCE_ROOT; };
		884BC1E51A359C0C007DF242 /* tab_textbox_page.h */ = {isa = PBXFileReference; lastKnownFileType = sourcecode.c.h; path = tab_textbox_page.h; sourceTree = SOURCE_ROOT; };
		884BC1E61A35B704007DF242 /* CocoaAsyncService.mm */ = {isa = PBXFileReference; fileEncoding = 4; lastKnownFileType = sourcecode.cpp.objcpp; path = CocoaAsyncService.mm; sourceTree = "<group>"; };
		884BC1E71A35B704007DF242 /* CocoaAsyncService.h */ = {isa = PBXFileReference; fileEncoding = 4; lastKnownFileType = sourcecode.c.h; path = CocoaAsyncService.h; sourceTree = "<group>"; };
		884BC1E91A373CB6007DF242 /* CocoaImageService.mm */ = {isa = PBXFileReference; fileEncoding = 4; lastKnownFileType = sourcecode.cpp.objcpp; path = CocoaImageService.mm; sourceTree = "<group>"; };
		884BC1EA1A373CB6007DF242 /* CocoaImageService.h */ = {isa = PBXFileReference; fileEncoding = 4; lastKnownFileType = sourcecode.c.h; path = CocoaImageService.h; sourceTree = "<group>"; };
		884BC1EC1A373CBE007DF242 /* CocoaDialogService.mm */ = {isa = PBXFileReference; fileEncoding = 4; lastKnownFileType = sourcecode.cpp.objcpp; path = CocoaDialogService.mm; sourceTree = "<group>"; };
		884BC1ED1A373CBE007DF242 /* CocoaDialogService.h */ = {isa = PBXFileReference; fileEncoding = 4; lastKnownFileType = sourcecode.c.h; path = CocoaDialogService.h; sourceTree = "<group>"; };
		884BC1EF1A373CC9007DF242 /* CocoaClipboardService.mm */ = {isa = PBXFileReference; fileEncoding = 4; lastKnownFileType = sourcecode.cpp.objcpp; path = CocoaClipboardService.mm; sourceTree = "<group>"; };
		884BC1F01A373CC9007DF242 /* CocoaClipboardService.h */ = {isa = PBXFileReference; fileEncoding = 4; lastKnownFileType = sourcecode.c.h; path = CocoaClipboardService.h; sourceTree = "<group>"; };
		884BC1F21A395F41007DF242 /* textbox_editor.h */ = {isa = PBXFileReference; lastKnownFileType = sourcecode.c.h; path = textbox_editor.h; sourceTree = SOURCE_ROOT; };
		884BC1F31A395F67007DF242 /* textbox_colorizer.h */ = {isa = PBXFileReference; lastKnownFileType = sourcecode.c.h; path = textbox_colorizer.h; sourceTree = SOURCE_ROOT; };
		884BC1F41A3B00E5007DF242 /* listbox_name_editor.h */ = {isa = PBXFileReference; lastKnownFileType = sourcecode.c.h; path = listbox_name_editor.h; sourceTree = SOURCE_ROOT; };
		884BC1F51A3B012B007DF242 /* listbox_name_selector.h */ = {isa = PBXFileReference; lastKnownFileType = sourcecode.c.h; path = listbox_name_selector.h; sourceTree = SOURCE_ROOT; };
		884BC1F61A3B0352007DF242 /* listbox_virtual_mode.h */ = {isa = PBXFileReference; lastKnownFileType = sourcecode.c.h; path = listbox_virtual_mode.h; sourceTree = SOURCE_ROOT; };
		884BC1F81A3BF3E8007DF242 /* listview_viewswitching.h */ = {isa = PBXFileReference; fileEncoding = 4; lastKnownFileType = sourcecode.c.h; path = listview_viewswitching.h; sourceTree = SOURCE_ROOT; };
		884BC1FA1A3BF4FD007DF242 /* UnixFileSystemInfo.cpp */ = {isa = PBXFileReference; fileEncoding = 4; lastKnownFileType = sourcecode.cpp.cpp; path = UnixFileSystemInfo.cpp; sourceTree = SOURCE_ROOT; };
		884BC1FB1A3BF4FD007DF242 /* UnixFileSystemInfo.h */ = {isa = PBXFileReference; fileEncoding = 4; lastKnownFileType = sourcecode.c.h; path = UnixFileSystemInfo.h; sourceTree = SOURCE_ROOT; };
		8898395F1A3D363000FBA63B /* template_customized_border.h */ = {isa = PBXFileReference; lastKnownFileType = sourcecode.c.h; path = template_customized_border.h; sourceTree = SOURCE_ROOT; };
		889839611A3D3C5C00FBA63B /* _Copy.png */ = {isa = PBXFileReference; lastKnownFileType = image.png; path = _Copy.png; sourceTree = "<group>"; };
		889839621A3D3C5C00FBA63B /* _Cut.png */ = {isa = PBXFileReference; lastKnownFileType = image.png; path = _Cut.png; sourceTree = "<group>"; };
		889839631A3D3C5C00FBA63B /* _Delete.png */ = {isa = PBXFileReference; lastKnownFileType = image.png; path = _Delete.png; sourceTree = "<group>"; };
		889839641A3D3C5C00FBA63B /* _New.png */ = {isa = PBXFileReference; lastKnownFileType = image.png; path = _New.png; sourceTree = "<group>"; };
		889839651A3D3C5C00FBA63B /* _Open.png */ = {isa = PBXFileReference; lastKnownFileType = image.png; path = _Open.png; sourceTree = "<group>"; };
		889839661A3D3C5C00FBA63B /* _Paste.png */ = {isa = PBXFileReference; lastKnownFileType = image.png; path = _Paste.png; sourceTree = "<group>"; };
		889839671A3D3C5C00FBA63B /* _Print.png */ = {isa = PBXFileReference; lastKnownFileType = image.png; path = _Print.png; sourceTree = "<group>"; };
		889839681A3D3C5C00FBA63B /* _Redo.png */ = {isa = PBXFileReference; lastKnownFileType = image.png; path = _Redo.png; sourceTree = "<group>"; };
		889839691A3D3C5C00FBA63B /* _Save.png */ = {isa = PBXFileReference; lastKnownFileType = image.png; path = _Save.png; sourceTree = "<group>"; };
		8898396A1A3D3C5C00FBA63B /* _SaveAs.png */ = {isa = PBXFileReference; lastKnownFileType = image.png; path = _SaveAs.png; sourceTree = "<group>"; };
		8898396B1A3D3C5C00FBA63B /* _Undo.png */ = {isa = PBXFileReference; lastKnownFileType = image.png; path = _Undo.png; sourceTree = "<group>"; };
		8898396C1A3D3C5C00FBA63B /* BigDoc.png */ = {isa = PBXFileReference; lastKnownFileType = image.png; path = BigDoc.png; sourceTree = "<group>"; };
		8898396D1A3D3C5C00FBA63B /* CalculatorDefinition.txt */ = {isa = PBXFileReference; fileEncoding = 4; lastKnownFileType = text; path = CalculatorDefinition.txt; sourceTree = "<group>"; };
		8898396E1A3D3C5C00FBA63B /* Chemical.txt */ = {isa = PBXFileReference; fileEncoding = 4; lastKnownFileType = text; path = Chemical.txt; sourceTree = "<group>"; };
		8898396F1A3D3C5C00FBA63B /* document2.xml */ = {isa = PBXFileReference; fileEncoding = 4; lastKnownFileType = text.xml; path = document2.xml; sourceTree = "<group>"; };
		889839701A3D3C5C00FBA63B /* Gif.gif */ = {isa = PBXFileReference; lastKnownFileType = image.gif; path = Gif.gif; sourceTree = "<group>"; };
		889839711A3D3C5C00FBA63B /* HelloWorld.xml */ = {isa = PBXFileReference; fileEncoding = 4; lastKnownFileType = text.xml; path = HelloWorld.xml; sourceTree = "<group>"; };
		889839721A3D3C5C00FBA63B /* HelloWorldViewModel.xml */ = {isa = PBXFileReference; fileEncoding = 4; lastKnownFileType = text.xml; path = HelloWorldViewModel.xml; sourceTree = "<group>"; };
		889839731A3D3C5C00FBA63B /* JsonSample.txt */ = {isa = PBXFileReference; fileEncoding = 4; lastKnownFileType = text; path = JsonSample.txt; sourceTree = "<group>"; };
		889839741A3D3C5C00FBA63B /* OfficeExcel.ico */ = {isa = PBXFileReference; lastKnownFileType = image.ico; path = OfficeExcel.ico; sourceTree = "<group>"; };
		889839751A3D3C5C00FBA63B /* OfficeOneNote.ico */ = {isa = PBXFileReference; lastKnownFileType = image.ico; path = OfficeOneNote.ico; sourceTree = "<group>"; };
		889839761A3D3C5C00FBA63B /* OfficeOutlook.ico */ = {isa = PBXFileReference; lastKnownFileType = image.ico; path = OfficeOutlook.ico; sourceTree = "<group>"; };
		889839771A3D3C5C00FBA63B /* OfficePowerPoint.ico */ = {isa = PBXFileReference; lastKnownFileType = image.ico; path = OfficePowerPoint.ico; sourceTree = "<group>"; };
		889839781A3D3C5C00FBA63B /* OfficeWord.ico */ = {isa = PBXFileReference; lastKnownFileType = image.ico; path = OfficeWord.ico; sourceTree = "<group>"; };
		889839791A3D3C5C00FBA63B /* s_AlignCenter.png */ = {isa = PBXFileReference; lastKnownFileType = image.png; path = s_AlignCenter.png; sourceTree = "<group>"; };
		8898397A1A3D3C5C00FBA63B /* s_AlignLeft.png */ = {isa = PBXFileReference; lastKnownFileType = image.png; path = s_AlignLeft.png; sourceTree = "<group>"; };
		8898397B1A3D3C5C00FBA63B /* s_AlignRight.png */ = {isa = PBXFileReference; lastKnownFileType = image.png; path = s_AlignRight.png; sourceTree = "<group>"; };
		8898397C1A3D3C5C00FBA63B /* s_Background.png */ = {isa = PBXFileReference; lastKnownFileType = image.png; path = s_Background.png; sourceTree = "<group>"; };
		8898397D1A3D3C5C00FBA63B /* s_Bold.png */ = {isa = PBXFileReference; lastKnownFileType = image.png; path = s_Bold.png; sourceTree = "<group>"; };
		8898397E1A3D3C5C00FBA63B /* s_Color.png */ = {isa = PBXFileReference; lastKnownFileType = image.png; path = s_Color.png; sourceTree = "<group>"; };
		8898397F1A3D3C5C00FBA63B /* s_Font.png */ = {isa = PBXFileReference; lastKnownFileType = image.png; path = s_Font.png; sourceTree = "<group>"; };
		889839801A3D3C5C00FBA63B /* s_Italic.png */ = {isa = PBXFileReference; lastKnownFileType = image.png; path = s_Italic.png; sourceTree = "<group>"; };
		889839811A3D3C5C00FBA63B /* s_Strike.png */ = {isa = PBXFileReference; lastKnownFileType = image.png; path = s_Strike.png; sourceTree = "<group>"; };
		889839821A3D3C5C00FBA63B /* s_Underline.png */ = {isa = PBXFileReference; lastKnownFileType = image.png; path = s_Underline.png; sourceTree = "<group>"; };
		889839831A3D3C5C00FBA63B /* XmlDoc.xml */ = {isa = PBXFileReference; fileEncoding = 4; lastKnownFileType = text.xml; path = XmlDoc.xml; sourceTree = "<group>"; };
		889839841A3D3C5C00FBA63B /* XmlDocDemo.xml */ = {isa = PBXFileReference; fileEncoding = 4; lastKnownFileType = text.xml; path = XmlDocDemo.xml; sourceTree = "<group>"; };
		889839851A3D3C5C00FBA63B /* XmlDocDemo_TooltipWindow.jpg */ = {isa = PBXFileReference; lastKnownFileType = image.jpeg; path = XmlDocDemo_TooltipWindow.jpg; sourceTree = "<group>"; };
		889839861A3D3C5C00FBA63B /* XmlResource.xml */ = {isa = PBXFileReference; fileEncoding = 4; lastKnownFileType = text.xml; path = XmlResource.xml; sourceTree = "<group>"; };
		889839871A3D3C5C00FBA63B /* XmlWindowResource.xml */ = {isa = PBXFileReference; fileEncoding = 4; lastKnownFileType = text.xml; path = XmlWindowResource.xml; sourceTree = "<group>"; };
		889839881A3D3C5C00FBA63B /* XmlWindowResourceControlTemplate.precompiled.bin */ = {isa = PBXFileReference; lastKnownFileType = archive.macbinary; path = XmlWindowResourceControlTemplate.precompiled.bin; sourceTree = "<group>"; };
		889839891A3D3C5C00FBA63B /* XmlWindowResourceControlTemplate.precompiled.compressed */ = {isa = PBXFileReference; lastKnownFileType = file; path = XmlWindowResourceControlTemplate.precompiled.compressed; sourceTree = "<group>"; };
		8898398A1A3D3C5C00FBA63B /* XmlWindowResourceControlTemplate.precompiled.xml */ = {isa = PBXFileReference; fileEncoding = 4; lastKnownFileType = text.xml; path = XmlWindowResourceControlTemplate.precompiled.xml; sourceTree = "<group>"; };
		8898398B1A3D3C5C00FBA63B /* XmlWindowResourceDataBinding.xml */ = {isa = PBXFileReference; fileEncoding = 4; lastKnownFileType = text.xml; path = XmlWindowResourceDataBinding.xml; sourceTree = "<group>"; };
		8898398C1A3D3C5C00FBA63B /* XmlWindowResourceItemTemplate.xml */ = {isa = PBXFileReference; fileEncoding = 4; lastKnownFileType = text.xml; path = XmlWindowResourceItemTemplate.xml; sourceTree = "<group>"; };
		8898398D1A3D3C5C00FBA63B /* XmlWindowResourceListViewModel.xml */ = {isa = PBXFileReference; fileEncoding = 4; lastKnownFileType = text.xml; path = XmlWindowResourceListViewModel.xml; sourceTree = "<group>"; };
		8898398E1A3D3C5C00FBA63B /* XmlWindowResourceViewModel.xml */ = {isa = PBXFileReference; fileEncoding = 4; lastKnownFileType = text.xml; path = XmlWindowResourceViewModel.xml; sourceTree = "<group>"; };
/* End PBXFileReference section */

/* Begin PBXFrameworksBuildPhase section */
		884BAFEB1A304BA1007DF242 /* Frameworks */ = {
			isa = PBXFrameworksBuildPhase;
			buildActionMask = 2147483647;
			files = (
				884BC1611A304D22007DF242 /* Quartz.framework in Frameworks */,
				884BC15F1A304D1E007DF242 /* CoreGraphics.framework in Frameworks */,
				884BC15D1A304D1A007DF242 /* Foundation.framework in Frameworks */,
				884BC1591A304D10007DF242 /* Cocoa.framework in Frameworks */,
			);
			runOnlyForDeploymentPostprocessing = 0;
		};
/* End PBXFrameworksBuildPhase section */

/* Begin PBXGroup section */
		884BAFE51A304BA1007DF242 = {
			isa = PBXGroup;
			children = (
				884BC1601A304D22007DF242 /* Quartz.framework */,
				884BC15E1A304D1E007DF242 /* CoreGraphics.framework */,
				884BC15C1A304D1A007DF242 /* Foundation.framework */,
				884BC15A1A304D13007DF242 /* CoreFoundation.framework */,
				884BC1581A304D10007DF242 /* Cocoa.framework */,
				884BC1D11A353C9B007DF242 /* Public */,
				884BC1A81A344FE2007DF242 /* Mac */,
				884BAFF01A304BA1007DF242 /* GacOSX */,
				884BAFEF1A304BA1007DF242 /* Products */,
			);
			sourceTree = "<group>";
		};
		884BAFEF1A304BA1007DF242 /* Products */ = {
			isa = PBXGroup;
			children = (
				884BAFEE1A304BA1007DF242 /* GacOSX.app */,
			);
			name = Products;
			sourceTree = "<group>";
		};
		884BAFF01A304BA1007DF242 /* GacOSX */ = {
			isa = PBXGroup;
			children = (
				889839601A3D3C5C00FBA63B /* Resources */,
				884BB0131A304C0A007DF242 /* main.cpp */,
				884BC16B1A32986D007DF242 /* label_hyperlink.h */,
				884BC1911A329998007DF242 /* label_basic.h */,
				884BC1E21A354F5E007DF242 /* button_enable_disable.h */,
				884BC1E41A3595E6007DF242 /* button_check_and_radio.h */,
				884BC1E51A359C0C007DF242 /* tab_textbox_page.h */,
				884BC1F21A395F41007DF242 /* textbox_editor.h */,
				884BC1F31A395F67007DF242 /* textbox_colorizer.h */,
				884BC1F41A3B00E5007DF242 /* listbox_name_editor.h */,
				884BC1F51A3B012B007DF242 /* listbox_name_selector.h */,
				884BC1F61A3B0352007DF242 /* listbox_virtual_mode.h */,
				884BC1F81A3BF3E8007DF242 /* listview_viewswitching.h */,
				8898395F1A3D363000FBA63B /* template_customized_border.h */,
				884BC1FA1A3BF4FD007DF242 /* UnixFileSystemInfo.cpp */,
				884BC1FB1A3BF4FD007DF242 /* UnixFileSystemInfo.h */,
				884BC1E31A354F69007DF242 /* gac_include.h */,
				884BC1921A329B34007DF242 /* osx_shared.mm */,
				884BC1931A329B34007DF242 /* osx_shared.h */,
				884BAFF11A304BA1007DF242 /* Supporting Files */,
			);
			path = GacOSX;
			sourceTree = "<group>";
		};
		884BAFF11A304BA1007DF242 /* Supporting Files */ = {
			isa = PBXGroup;
			children = (
				884BB0111A304C04007DF242 /* Info.plist */,
			);
			name = "Supporting Files";
			sourceTree = "<group>";
		};
		884BC1A81A344FE2007DF242 /* Mac */ = {
			isa = PBXGroup;
			children = (
				884BC1A91A344FE2007DF242 /* GraphicsElement */,
				884BC1AF1A344FE2007DF242 /* NativeWindow */,
			);
			name = Mac;
			path = ../Mac;
			sourceTree = "<group>";
		};
		884BC1A91A344FE2007DF242 /* GraphicsElement */ = {
			isa = PBXGroup;
			children = (
				884BC1AA1A344FE2007DF242 /* CoreGraphics */,
			);
			path = GraphicsElement;
			sourceTree = "<group>";
		};
		884BC1AA1A344FE2007DF242 /* CoreGraphics */ = {
			isa = PBXGroup;
			children = (
				884BC1AB1A344FE2007DF242 /* GuiGraphicsCoreGraphics.h */,
				884BC1AC1A344FE2007DF242 /* GuiGraphicsCoreGraphics.mm */,
				884BC1AD1A344FE2007DF242 /* GuiGraphicsCoreGraphicsRenderers.h */,
				884BC1AE1A344FE2007DF242 /* GuiGraphicsCoreGraphicsRenderers.mm */,
			);
			path = CoreGraphics;
			sourceTree = "<group>";
		};
		884BC1AF1A344FE2007DF242 /* NativeWindow */ = {
			isa = PBXGroup;
			children = (
				884BC1B01A344FE2007DF242 /* OSX */,
			);
			path = NativeWindow;
			sourceTree = "<group>";
		};
		884BC1B01A344FE2007DF242 /* OSX */ = {
			isa = PBXGroup;
			children = (
				884BC1B71A344FE2007DF242 /* CocoaPredef.h */,
				884BC1B11A344FE2007DF242 /* CocoaBaseView.h */,
				884BC1B21A344FE2007DF242 /* CocoaBaseView.mm */,
				884BC1B31A344FE2007DF242 /* CocoaHelper.h */,
				884BC1B41A344FE2007DF242 /* CocoaHelper.mm */,
				884BC1B51A344FE2007DF242 /* CocoaNativeController.h */,
				884BC1B61A344FE2007DF242 /* CocoaNativeController.mm */,
				884BC1B81A344FE2007DF242 /* CocoaWindow.h */,
				884BC1B91A344FE2007DF242 /* CocoaWindow.mm */,
				884BC1BA1A344FE2007DF242 /* CoreGraphics */,
				884BC1BD1A344FE2007DF242 /* ServicesImpl */,
			);
			path = OSX;
			sourceTree = "<group>";
		};
		884BC1BA1A344FE2007DF242 /* CoreGraphics */ = {
			isa = PBXGroup;
			children = (
				884BC1BB1A344FE2007DF242 /* CoreGraphicsApp.h */,
				884BC1BC1A344FE2007DF242 /* CoreGraphicsApp.mm */,
			);
			path = CoreGraphics;
			sourceTree = "<group>";
		};
		884BC1BD1A344FE2007DF242 /* ServicesImpl */ = {
			isa = PBXGroup;
			children = (
				884BC1BE1A344FE2007DF242 /* CocoaCallbackService.h */,
				884BC1BF1A344FE2007DF242 /* CocoaCallbackService.mm */,
				884BC1C01A344FE2007DF242 /* CocoaInputService.h */,
				884BC1C11A344FE2007DF242 /* CocoaInputService.mm */,
				884BC1C21A344FE2007DF242 /* CocoaResourceService.h */,
				884BC1C31A344FE2007DF242 /* CocoaResourceService.mm */,
				884BC1C41A344FE2007DF242 /* CocoaScreenService.h */,
				884BC1C51A344FE2007DF242 /* CocoaScreenService.mm */,
				884BC1E71A35B704007DF242 /* CocoaAsyncService.h */,
				884BC1E61A35B704007DF242 /* CocoaAsyncService.mm */,
				884BC1EA1A373CB6007DF242 /* CocoaImageService.h */,
				884BC1E91A373CB6007DF242 /* CocoaImageService.mm */,
				884BC1ED1A373CBE007DF242 /* CocoaDialogService.h */,
				884BC1EC1A373CBE007DF242 /* CocoaDialogService.mm */,
				884BC1F01A373CC9007DF242 /* CocoaClipboardService.h */,
				884BC1EF1A373CC9007DF242 /* CocoaClipboardService.mm */,
			);
			path = ServicesImpl;
			sourceTree = "<group>";
		};
		884BC1D11A353C9B007DF242 /* Public */ = {
			isa = PBXGroup;
			children = (
				884BC1D21A353C9B007DF242 /* Source */,
			);
			name = Public;
			path = ../Public;
			sourceTree = "<group>";
		};
		884BC1D21A353C9B007DF242 /* Source */ = {
			isa = PBXGroup;
			children = (
				884BC1D31A353C9B007DF242 /* GacUI.cpp */,
				884BC1D41A353C9B007DF242 /* GacUI.h */,
				884BC1D51A353C9B007DF242 /* GacUIReflection.cpp */,
				884BC1D61A353C9B007DF242 /* GacUIReflection.h */,
				884BC1D91A353C9B007DF242 /* Vlpp.cpp */,
				884BC1DA1A353C9B007DF242 /* Vlpp.h */,
				884BC1DB1A353C9B007DF242 /* VlppWorkflow.cpp */,
				884BC1DC1A353C9B007DF242 /* VlppWorkflow.h */,
			);
			path = Source;
			sourceTree = "<group>";
		};
		889839601A3D3C5C00FBA63B /* Resources */ = {
			isa = PBXGroup;
			children = (
				889839611A3D3C5C00FBA63B /* _Copy.png */,
				889839621A3D3C5C00FBA63B /* _Cut.png */,
				889839631A3D3C5C00FBA63B /* _Delete.png */,
				889839641A3D3C5C00FBA63B /* _New.png */,
				889839651A3D3C5C00FBA63B /* _Open.png */,
				889839661A3D3C5C00FBA63B /* _Paste.png */,
				889839671A3D3C5C00FBA63B /* _Print.png */,
				889839681A3D3C5C00FBA63B /* _Redo.png */,
				889839691A3D3C5C00FBA63B /* _Save.png */,
				8898396A1A3D3C5C00FBA63B /* _SaveAs.png */,
				8898396B1A3D3C5C00FBA63B /* _Undo.png */,
				8898396C1A3D3C5C00FBA63B /* BigDoc.png */,
				8898396D1A3D3C5C00FBA63B /* CalculatorDefinition.txt */,
				8898396E1A3D3C5C00FBA63B /* Chemical.txt */,
				8898396F1A3D3C5C00FBA63B /* document2.xml */,
				889839701A3D3C5C00FBA63B /* Gif.gif */,
				889839711A3D3C5C00FBA63B /* HelloWorld.xml */,
				889839721A3D3C5C00FBA63B /* HelloWorldViewModel.xml */,
				889839731A3D3C5C00FBA63B /* JsonSample.txt */,
				889839741A3D3C5C00FBA63B /* OfficeExcel.ico */,
				889839751A3D3C5C00FBA63B /* OfficeOneNote.ico */,
				889839761A3D3C5C00FBA63B /* OfficeOutlook.ico */,
				889839771A3D3C5C00FBA63B /* OfficePowerPoint.ico */,
				889839781A3D3C5C00FBA63B /* OfficeWord.ico */,
				889839791A3D3C5C00FBA63B /* s_AlignCenter.png */,
				8898397A1A3D3C5C00FBA63B /* s_AlignLeft.png */,
				8898397B1A3D3C5C00FBA63B /* s_AlignRight.png */,
				8898397C1A3D3C5C00FBA63B /* s_Background.png */,
				8898397D1A3D3C5C00FBA63B /* s_Bold.png */,
				8898397E1A3D3C5C00FBA63B /* s_Color.png */,
				8898397F1A3D3C5C00FBA63B /* s_Font.png */,
				889839801A3D3C5C00FBA63B /* s_Italic.png */,
				889839811A3D3C5C00FBA63B /* s_Strike.png */,
				889839821A3D3C5C00FBA63B /* s_Underline.png */,
				889839831A3D3C5C00FBA63B /* XmlDoc.xml */,
				889839841A3D3C5C00FBA63B /* XmlDocDemo.xml */,
				889839851A3D3C5C00FBA63B /* XmlDocDemo_TooltipWindow.jpg */,
				889839861A3D3C5C00FBA63B /* XmlResource.xml */,
				889839871A3D3C5C00FBA63B /* XmlWindowResource.xml */,
				889839881A3D3C5C00FBA63B /* XmlWindowResourceControlTemplate.precompiled.bin */,
				889839891A3D3C5C00FBA63B /* XmlWindowResourceControlTemplate.precompiled.compressed */,
				8898398A1A3D3C5C00FBA63B /* XmlWindowResourceControlTemplate.precompiled.xml */,
				8898398B1A3D3C5C00FBA63B /* XmlWindowResourceDataBinding.xml */,
				8898398C1A3D3C5C00FBA63B /* XmlWindowResourceItemTemplate.xml */,
				8898398D1A3D3C5C00FBA63B /* XmlWindowResourceListViewModel.xml */,
				8898398E1A3D3C5C00FBA63B /* XmlWindowResourceViewModel.xml */,
			);
			path = Resources;
			sourceTree = SOURCE_ROOT;
		};
/* End PBXGroup section */

/* Begin PBXNativeTarget section */
		884BAFED1A304BA1007DF242 /* GacOSX */ = {
			isa = PBXNativeTarget;
			buildConfigurationList = 884BB00B1A304BA1007DF242 /* Build configuration list for PBXNativeTarget "GacOSX" */;
			buildPhases = (
				884BAFEA1A304BA1007DF242 /* Sources */,
				884BAFEB1A304BA1007DF242 /* Frameworks */,
				884BAFEC1A304BA1007DF242 /* Resources */,
			);
			buildRules = (
			);
			dependencies = (
			);
			name = GacOSX;
			productName = GacOSX;
			productReference = 884BAFEE1A304BA1007DF242 /* GacOSX.app */;
			productType = "com.apple.product-type.application";
		};
/* End PBXNativeTarget section */

/* Begin PBXProject section */
		884BAFE61A304BA1007DF242 /* Project object */ = {
			isa = PBXProject;
			attributes = {
				LastUpgradeCheck = 0610;
				ORGANIZATIONNAME = "Robert Bu";
				TargetAttributes = {
					884BAFED1A304BA1007DF242 = {
						CreatedOnToolsVersion = 6.1;
					};
				};
			};
			buildConfigurationList = 884BAFE91A304BA1007DF242 /* Build configuration list for PBXProject "GacOSX" */;
			compatibilityVersion = "Xcode 3.2";
			developmentRegion = English;
			hasScannedForEncodings = 0;
			knownRegions = (
				en,
				Base,
			);
			mainGroup = 884BAFE51A304BA1007DF242;
			productRefGroup = 884BAFEF1A304BA1007DF242 /* Products */;
			projectDirPath = "";
			projectRoot = "";
			targets = (
				884BAFED1A304BA1007DF242 /* GacOSX */,
			);
		};
/* End PBXProject section */

/* Begin PBXResourcesBuildPhase section */
		884BAFEC1A304BA1007DF242 /* Resources */ = {
			isa = PBXResourcesBuildPhase;
			buildActionMask = 2147483647;
			files = (
				889839AB1A3D3C5C00FBA63B /* s_Bold.png in Resources */,
				889839AC1A3D3C5C00FBA63B /* s_Color.png in Resources */,
				889839A11A3D3C5C00FBA63B /* JsonSample.txt in Resources */,
				889839941A3D3C5C00FBA63B /* _Paste.png in Resources */,
				889839991A3D3C5C00FBA63B /* _Undo.png in Resources */,
				889839B41A3D3C5C00FBA63B /* XmlResource.xml in Resources */,
				889839951A3D3C5C00FBA63B /* _Print.png in Resources */,
				889839AD1A3D3C5C00FBA63B /* s_Font.png in Resources */,
				889839A81A3D3C5C00FBA63B /* s_AlignLeft.png in Resources */,
				8898399C1A3D3C5C00FBA63B /* Chemical.txt in Resources */,
				889839AE1A3D3C5C00FBA63B /* s_Italic.png in Resources */,
				889839971A3D3C5C00FBA63B /* _Save.png in Resources */,
				889839A71A3D3C5C00FBA63B /* s_AlignCenter.png in Resources */,
				889839BC1A3D3C5C00FBA63B /* XmlWindowResourceViewModel.xml in Resources */,
				889839BA1A3D3C5C00FBA63B /* XmlWindowResourceItemTemplate.xml in Resources */,
				889839BB1A3D3C5C00FBA63B /* XmlWindowResourceListViewModel.xml in Resources */,
				889839B51A3D3C5C00FBA63B /* XmlWindowResource.xml in Resources */,
				889839A41A3D3C5C00FBA63B /* OfficeOutlook.ico in Resources */,
				889839911A3D3C5C00FBA63B /* _Delete.png in Resources */,
				889839A91A3D3C5C00FBA63B /* s_AlignRight.png in Resources */,
				889839A51A3D3C5C00FBA63B /* OfficePowerPoint.ico in Resources */,
				889839A21A3D3C5C00FBA63B /* OfficeExcel.ico in Resources */,
				889839A31A3D3C5C00FBA63B /* OfficeOneNote.ico in Resources */,
				889839B81A3D3C5C00FBA63B /* XmlWindowResourceControlTemplate.precompiled.xml in Resources */,
				889839931A3D3C5C00FBA63B /* _Open.png in Resources */,
				8898399F1A3D3C5C00FBA63B /* HelloWorld.xml in Resources */,
				889839B11A3D3C5C00FBA63B /* XmlDoc.xml in Resources */,
				889839961A3D3C5C00FBA63B /* _Redo.png in Resources */,
				889839981A3D3C5C00FBA63B /* _SaveAs.png in Resources */,
				889839B21A3D3C5C00FBA63B /* XmlDocDemo.xml in Resources */,
				889839B01A3D3C5C00FBA63B /* s_Underline.png in Resources */,
				8898399A1A3D3C5C00FBA63B /* BigDoc.png in Resources */,
				889839921A3D3C5C00FBA63B /* _New.png in Resources */,
				8898398F1A3D3C5C00FBA63B /* _Copy.png in Resources */,
				8898399B1A3D3C5C00FBA63B /* CalculatorDefinition.txt in Resources */,
				889839B61A3D3C5C00FBA63B /* XmlWindowResourceControlTemplate.precompiled.bin in Resources */,
				8898399D1A3D3C5C00FBA63B /* document2.xml in Resources */,
				889839A01A3D3C5C00FBA63B /* HelloWorldViewModel.xml in Resources */,
				889839B71A3D3C5C00FBA63B /* XmlWindowResourceControlTemplate.precompiled.compressed in Resources */,
				889839AA1A3D3C5C00FBA63B /* s_Background.png in Resources */,
				884BB0121A304C04007DF242 /* Info.plist in Resources */,
				889839B91A3D3C5C00FBA63B /* XmlWindowResourceDataBinding.xml in Resources */,
				889839B31A3D3C5C00FBA63B /* XmlDocDemo_TooltipWindow.jpg in Resources */,
				8898399E1A3D3C5C00FBA63B /* Gif.gif in Resources */,
				889839AF1A3D3C5C00FBA63B /* s_Strike.png in Resources */,
				889839A61A3D3C5C00FBA63B /* OfficeWord.ico in Resources */,
				889839901A3D3C5C00FBA63B /* _Cut.png in Resources */,
			);
			runOnlyForDeploymentPostprocessing = 0;
		};
/* End PBXResourcesBuildPhase section */

/* Begin PBXSourcesBuildPhase section */
		884BAFEA1A304BA1007DF242 /* Sources */ = {
			isa = PBXSourcesBuildPhase;
			buildActionMask = 2147483647;
			files = (
				884BC1FC1A3BF4FD007DF242 /* UnixFileSystemInfo.cpp in Sources */,
				884BC1CA1A344FE2007DF242 /* CocoaNativeController.mm in Sources */,
				884BC1CE1A344FE2007DF242 /* CocoaInputService.mm in Sources */,
				884BC1C71A344FE2007DF242 /* GuiGraphicsCoreGraphicsRenderers.mm in Sources */,
				884BC1CD1A344FE2007DF242 /* CocoaCallbackService.mm in Sources */,
				884BC1E81A35B704007DF242 /* CocoaAsyncService.mm in Sources */,
				884BC1EE1A373CBE007DF242 /* CocoaDialogService.mm in Sources */,
				884BC1C91A344FE2007DF242 /* CocoaHelper.mm in Sources */,
				884BC1DD1A353C9B007DF242 /* GacUI.cpp in Sources */,
				884BC1DE1A353C9B007DF242 /* GacUIReflection.cpp in Sources */,
				884BC1E11A353C9B007DF242 /* VlppWorkflow.cpp in Sources */,
				884BC1941A329B34007DF242 /* osx_shared.mm in Sources */,
				884BC1E01A353C9B007DF242 /* Vlpp.cpp in Sources */,
				884BC1CC1A344FE2007DF242 /* CoreGraphicsApp.mm in Sources */,
				884BC1C61A344FE2007DF242 /* GuiGraphicsCoreGraphics.mm in Sources */,
				884BB0141A304C0A007DF242 /* main.cpp in Sources */,
				884BC1C81A344FE2007DF242 /* CocoaBaseView.mm in Sources */,
				884BC1D01A344FE2007DF242 /* CocoaScreenService.mm in Sources */,
				884BC1CB1A344FE2007DF242 /* CocoaWindow.mm in Sources */,
				884BC1CF1A344FE2007DF242 /* CocoaResourceService.mm in Sources */,
				884BC1F11A373CC9007DF242 /* CocoaClipboardService.mm in Sources */,
				884BC1EB1A373CB6007DF242 /* CocoaImageService.mm in Sources */,
			);
			runOnlyForDeploymentPostprocessing = 0;
		};
/* End PBXSourcesBuildPhase section */

/* Begin XCBuildConfiguration section */
		884BB0091A304BA1007DF242 /* Debug */ = {
			isa = XCBuildConfiguration;
			buildSettings = {
				ALWAYS_SEARCH_USER_PATHS = NO;
				CLANG_CXX_LANGUAGE_STANDARD = "gnu++0x";
				CLANG_CXX_LIBRARY = "libc++";
				CLANG_ENABLE_MODULES = YES;
				CLANG_ENABLE_OBJC_ARC = YES;
				CLANG_WARN_BOOL_CONVERSION = YES;
				CLANG_WARN_CONSTANT_CONVERSION = YES;
				CLANG_WARN_DIRECT_OBJC_ISA_USAGE = YES_ERROR;
				CLANG_WARN_EMPTY_BODY = YES;
				CLANG_WARN_ENUM_CONVERSION = YES;
				CLANG_WARN_INT_CONVERSION = YES;
				CLANG_WARN_OBJC_ROOT_CLASS = YES_ERROR;
				CLANG_WARN_UNREACHABLE_CODE = YES;
				CLANG_WARN__DUPLICATE_METHOD_MATCH = YES;
				CODE_SIGN_IDENTITY = "-";
				COPY_PHASE_STRIP = NO;
				ENABLE_STRICT_OBJC_MSGSEND = YES;
				GCC_C_LANGUAGE_STANDARD = gnu99;
				GCC_DYNAMIC_NO_PIC = NO;
				GCC_OPTIMIZATION_LEVEL = 0;
				GCC_PREPROCESSOR_DEFINITIONS = (
					"DEBUG=1",
					"$(inherited)",
				);
				GCC_SYMBOLS_PRIVATE_EXTERN = NO;
				GCC_WARN_64_TO_32_BIT_CONVERSION = YES;
				GCC_WARN_ABOUT_RETURN_TYPE = YES_ERROR;
				GCC_WARN_UNDECLARED_SELECTOR = YES;
				GCC_WARN_UNINITIALIZED_AUTOS = YES_AGGRESSIVE;
				GCC_WARN_UNUSED_FUNCTION = YES;
				GCC_WARN_UNUSED_VARIABLE = YES;
				MACOSX_DEPLOYMENT_TARGET = 10.10;
				MTL_ENABLE_DEBUG_INFO = YES;
				ONLY_ACTIVE_ARCH = YES;
				SDKROOT = macosx;
			};
			name = Debug;
		};
		884BB00A1A304BA1007DF242 /* Release */ = {
			isa = XCBuildConfiguration;
			buildSettings = {
				ALWAYS_SEARCH_USER_PATHS = NO;
				CLANG_CXX_LANGUAGE_STANDARD = "gnu++0x";
				CLANG_CXX_LIBRARY = "libc++";
				CLANG_ENABLE_MODULES = YES;
				CLANG_ENABLE_OBJC_ARC = YES;
				CLANG_WARN_BOOL_CONVERSION = YES;
				CLANG_WARN_CONSTANT_CONVERSION = YES;
				CLANG_WARN_DIRECT_OBJC_ISA_USAGE = YES_ERROR;
				CLANG_WARN_EMPTY_BODY = YES;
				CLANG_WARN_ENUM_CONVERSION = YES;
				CLANG_WARN_INT_CONVERSION = YES;
				CLANG_WARN_OBJC_ROOT_CLASS = YES_ERROR;
				CLANG_WARN_UNREACHABLE_CODE = YES;
				CLANG_WARN__DUPLICATE_METHOD_MATCH = YES;
				CODE_SIGN_IDENTITY = "-";
				COPY_PHASE_STRIP = YES;
				DEBUG_INFORMATION_FORMAT = "dwarf-with-dsym";
				ENABLE_NS_ASSERTIONS = NO;
				ENABLE_STRICT_OBJC_MSGSEND = YES;
				GCC_C_LANGUAGE_STANDARD = gnu99;
				GCC_WARN_64_TO_32_BIT_CONVERSION = YES;
				GCC_WARN_ABOUT_RETURN_TYPE = YES_ERROR;
				GCC_WARN_UNDECLARED_SELECTOR = YES;
				GCC_WARN_UNINITIALIZED_AUTOS = YES_AGGRESSIVE;
				GCC_WARN_UNUSED_FUNCTION = YES;
				GCC_WARN_UNUSED_VARIABLE = YES;
				MACOSX_DEPLOYMENT_TARGET = 10.10;
				MTL_ENABLE_DEBUG_INFO = NO;
				SDKROOT = macosx;
			};
			name = Release;
		};
		884BB00C1A304BA1007DF242 /* Debug */ = {
			isa = XCBuildConfiguration;
			buildSettings = {
				ASSETCATALOG_COMPILER_APPICON_NAME = AppIcon;
				COMBINE_HIDPI_IMAGES = YES;
				GCC_WARN_ABOUT_INVALID_OFFSETOF_MACRO = YES;
				GCC_WARN_UNUSED_VARIABLE = NO;
				INFOPLIST_FILE = Info.plist;
				LD_RUNPATH_SEARCH_PATHS = "$(inherited) @executable_path/../Frameworks";
				LIBRARY_SEARCH_PATHS = (
					"$(inherited)",
					/Users/darkfall/Documents/gac/Common/Tools/PdbDump/PdbDump,
				);
				PRODUCT_NAME = "$(TARGET_NAME)";
				USER_HEADER_SEARCH_PATHS = ../Public/Source;
			};
			name = Debug;
		};
		884BB00D1A304BA1007DF242 /* Release */ = {
			isa = XCBuildConfiguration;
			buildSettings = {
				ASSETCATALOG_COMPILER_APPICON_NAME = AppIcon;
				COMBINE_HIDPI_IMAGES = YES;
				GCC_WARN_ABOUT_INVALID_OFFSETOF_MACRO = YES;
				GCC_WARN_UNUSED_VARIABLE = NO;
				INFOPLIST_FILE = Info.plist;
				LD_RUNPATH_SEARCH_PATHS = "$(inherited) @executable_path/../Frameworks";
				LIBRARY_SEARCH_PATHS = (
					"$(inherited)",
					/Users/darkfall/Documents/gac/Common/Tools/PdbDump/PdbDump,
				);
				PRODUCT_NAME = "$(TARGET_NAME)";
				USER_HEADER_SEARCH_PATHS = ../Public/Source;
			};
			name = Release;
		};
/* End XCBuildConfiguration section */

/* Begin XCConfigurationList section */
		884BAFE91A304BA1007DF242 /* Build configuration list for PBXProject "GacOSX" */ = {
			isa = XCConfigurationList;
			buildConfigurations = (
				884BB0091A304BA1007DF242 /* Debug */,
				884BB00A1A304BA1007DF242 /* Release */,
			);
			defaultConfigurationIsVisible = 0;
			defaultConfigurationName = Release;
		};
		884BB00B1A304BA1007DF242 /* Build configuration list for PBXNativeTarget "GacOSX" */ = {
			isa = XCConfigurationList;
			buildConfigurations = (
				884BB00C1A304BA1007DF242 /* Debug */,
				884BB00D1A304BA1007DF242 /* Release */,
			);
			defaultConfigurationIsVisible = 0;
			defaultConfigurationName = Release;
		};
/* End XCConfigurationList section */
	};
	rootObject = 884BAFE61A304BA1007DF242 /* Project object */;
}
