
Microsoft Visual Studio Solution File, Format Version 12.00
# Visual Studio 2013
VisualStudioVersion = 12.0.21005.1
MinimumVisualStudioVersion = 10.0.40219.1
Project("{8BC9CEB8-8B4A-11D0-8D11-00A0C91BC942}") = "GacGen", "GacGen\GacGen.vcxproj", "{16DE4178-8959-42A8-A292-C09001474EE0}"
EndProject
Project("{8BC9CEB8-8B4A-11D0-8D11-00A0C91BC942}") = "GacGenTest", "GacGenTest\GacGenTest.vcxproj", "{B8C0F5A7-559F-4DD1-88F1-557DF96BAA4A}"
EndProject
Global
	GlobalSection(TeamFoundationVersionControl) = preSolution
		SccNumberOfProjects = 3
		SccEnterpriseProvider = {4CA58AB2-18FA-4F8D-95D4-32DDF27D184C}
		SccTeamFoundationServer = https://tfs.codeplex.com/tfs/tfs02
		SccLocalPath0 = .
		SccProjectUniqueName1 = GacGen\\GacGen.vcxproj
		SccProjectName1 = GacGen
		SccLocalPath1 = GacGen
		SccProjectUniqueName2 = GacGenTest\\GacGenTest.vcxproj
		SccProjectName2 = GacGenTest
		SccLocalPath2 = GacGenTest
	EndGlobalSection
	GlobalSection(SolutionConfigurationPlatforms) = preSolution
		Debug|Win32 = Debug|Win32
		Release|Win32 = Release|Win32
	EndGlobalSection
	GlobalSection(ProjectConfigurationPlatforms) = postSolution
		{16DE4178-8959-42A8-A292-C09001474EE0}.Debug|Win32.ActiveCfg = Debug|Win32
		{16DE4178-8959-42A8-A292-C09001474EE0}.Debug|Win32.Build.0 = Debug|Win32
		{16DE4178-8959-42A8-A292-C09001474EE0}.Release|Win32.ActiveCfg = Release|Win32
		{16DE4178-8959-42A8-A292-C09001474EE0}.Release|Win32.Build.0 = Release|Win32
		{B8C0F5A7-559F-4DD1-88F1-557DF96BAA4A}.Debug|Win32.ActiveCfg = Debug|Win32
		{B8C0F5A7-559F-4DD1-88F1-557DF96BAA4A}.Debug|Win32.Build.0 = Debug|Win32
		{B8C0F5A7-559F-4DD1-88F1-557DF96BAA4A}.Release|Win32.ActiveCfg = Release|Win32
		{B8C0F5A7-559F-4DD1-88F1-557DF96BAA4A}.Release|Win32.Build.0 = Release|Win32
	EndGlobalSection
	GlobalSection(SolutionProperties) = preSolution
		HideSolutionNode = FALSE
	EndGlobalSection
EndGlobal
