
Microsoft Visual Studio Solution File, Format Version 11.00
# Visual Studio 2010
Project("{8BC9CEB8-8B4A-11D0-8D11-00A0C91BC942}") = "PdbDump", "PdbDump\PdbDump.vcxproj", "{15AEE51B-E26D-4E34-9E63-53C3F56EAC93}"
EndProject
Global
	GlobalSection(TeamFoundationVersionControl) = preSolution
		SccNumberOfProjects = 2
		SccEnterpriseProvider = {4CA58AB2-18FA-4F8D-95D4-32DDF27D184C}
		SccTeamFoundationServer = https://tfs.codeplex.com/tfs/tfs02
		SccLocalPath0 = .
		SccProjectUniqueName1 = PdbDump\\PdbDump.vcxproj
		SccProjectName1 = PdbDump
		SccLocalPath1 = PdbDump
	EndGlobalSection
	GlobalSection(SolutionConfigurationPlatforms) = preSolution
		Debug|Win32 = Debug|Win32
		Release|Win32 = Release|Win32
	EndGlobalSection
	GlobalSection(ProjectConfigurationPlatforms) = postSolution
		{15AEE51B-E26D-4E34-9E63-53C3F56EAC93}.Debug|Win32.ActiveCfg = Debug|Win32
		{15AEE51B-E26D-4E34-9E63-53C3F56EAC93}.Debug|Win32.Build.0 = Debug|Win32
		{15AEE51B-E26D-4E34-9E63-53C3F56EAC93}.Release|Win32.ActiveCfg = Release|Win32
		{15AEE51B-E26D-4E34-9E63-53C3F56EAC93}.Release|Win32.Build.0 = Release|Win32
	EndGlobalSection
	GlobalSection(SolutionProperties) = preSolution
		HideSolutionNode = FALSE
	EndGlobalSection
EndGlobal
