
Microsoft Visual Studio Solution File, Format Version 12.00
# Visual Studio 2013
VisualStudioVersion = 12.0.21005.1
MinimumVisualStudioVersion = 10.0.40219.1
Project("{8BC9CEB8-8B4A-11D0-8D11-00A0C91BC942}") = "GacUISrc", "GacUISrc\GacUISrc.vcxproj", "{85807517-320F-43CD-BD53-93CED2EAED9E}"
EndProject
Project("{2150E333-8FDC-42A3-9474-1A3956D46DE8}") = "Public", "Public", "{843780E4-7D2F-4955-B988-88325DFB6B9E}"
	ProjectSection(SolutionItems) = preProject
		..\Public\1.Codegen.bat = ..\Public\1.Codegen.bat
		..\Public\2.Clean.bat = ..\Public\2.Clean.bat
		..\Public\3.DumpPdb.bat = ..\Public\3.DumpPdb.bat
		..\Public\4.Make.bat = ..\Public\4.Make.bat
		..\Public\CodegenConfig.xml = ..\Public\CodegenConfig.xml
		..\Public\controls-kuroi.fw.png = ..\Public\controls-kuroi.fw.png
		..\Public\DownloadGaclibWebsite.bat = ..\Public\DownloadGaclibWebsite.bat
		..\Public\DownloadGaclibWebsite_Local.bat = ..\Public\DownloadGaclibWebsite_Local.bat
		..\Public\readlist-raw.txt = ..\Public\readlist-raw.txt
		..\Public\Release.bat = ..\Public\Release.bat
		..\Public\SuperUnicode.txt = ..\Public\SuperUnicode.txt
	EndProjectSection
EndProject
Project("{2150E333-8FDC-42A3-9474-1A3956D46DE8}") = "Source", "Source", "{695AA472-C40E-41C8-BDF9-9866F36C9AE3}"
	ProjectSection(SolutionItems) = preProject
		..\Public\Source\GacUI.cpp = ..\Public\Source\GacUI.cpp
		..\Public\Source\GacUI.h = ..\Public\Source\GacUI.h
		..\Public\Source\GacUIReflection.cpp = ..\Public\Source\GacUIReflection.cpp
		..\Public\Source\GacUIReflection.h = ..\Public\Source\GacUIReflection.h
		..\Public\Source\GacUIWindows.cpp = ..\Public\Source\GacUIWindows.cpp
		..\Public\Source\GacUIWindows.h = ..\Public\Source\GacUIWindows.h
		..\Public\Source\Vlpp.cpp = ..\Public\Source\Vlpp.cpp
		..\Public\Source\Vlpp.h = ..\Public\Source\Vlpp.h
		..\Public\Source\VlppWorkflow.cpp = ..\Public\Source\VlppWorkflow.cpp
		..\Public\Source\VlppWorkflow.h = ..\Public\Source\VlppWorkflow.h
	EndProjectSection
EndProject
Project("{8BC9CEB8-8B4A-11D0-8D11-00A0C91BC942}") = "GacUISrcCodepackedTest", "GacUISrcCodepackedTest\GacUISrcCodepackedTest.vcxproj", "{EB5A22FF-03D9-45A9-BF76-8083D46A643B}"
EndProject
Project("{2150E333-8FDC-42A3-9474-1A3956D46DE8}") = "DocumentRawItems", "DocumentRawItems", "{80361AFE-C424-451B-BBDD-637AD16274C0}"
	ProjectSection(SolutionItems) = preProject
		..\Public\DocumentRawItems\reference_gacui.docitem.txt = ..\Public\DocumentRawItems\reference_gacui.docitem.txt
	EndProjectSection
EndProject
Project("{8BC9CEB8-8B4A-11D0-8D11-00A0C91BC942}") = "GacStudio", "GacStudio\GacStudio.vcxproj", "{FC2AD8E7-2E9B-4B17-9975-45ED4B30FC79}"
EndProject
Global
	GlobalSection(TeamFoundationVersionControl) = preSolution
		SccNumberOfProjects = 4
		SccEnterpriseProvider = {4CA58AB2-18FA-4F8D-95D4-32DDF27D184C}
		SccTeamFoundationServer = https://tfs.codeplex.com/tfs/tfs02
		SccLocalPath0 = .
		SccProjectUniqueName1 = GacUISrc\\GacUISrc.vcxproj
		SccProjectName1 = GacUISrc
		SccLocalPath1 = GacUISrc
		SccProjectUniqueName2 = GacUISrcCodepackedTest\\GacUISrcCodepackedTest.vcxproj
		SccProjectName2 = GacUISrcCodepackedTest
		SccLocalPath2 = GacUISrcCodepackedTest
		SccProjectUniqueName3 = GacStudio\\GacStudio.vcxproj
		SccProjectName3 = GacStudio
		SccLocalPath3 = GacStudio
	EndGlobalSection
	GlobalSection(SolutionConfigurationPlatforms) = preSolution
		Debug|Win32 = Debug|Win32
		Debug|x64 = Debug|x64
		DebugNoReflection|Win32 = DebugNoReflection|Win32
		DebugNoReflection|x64 = DebugNoReflection|x64
		Release|Win32 = Release|Win32
		Release|x64 = Release|x64
	EndGlobalSection
	GlobalSection(ProjectConfigurationPlatforms) = postSolution
		{85807517-320F-43CD-BD53-93CED2EAED9E}.Debug|Win32.ActiveCfg = Debug|Win32
		{85807517-320F-43CD-BD53-93CED2EAED9E}.Debug|Win32.Build.0 = Debug|Win32
		{85807517-320F-43CD-BD53-93CED2EAED9E}.Debug|x64.ActiveCfg = Debug|x64
		{85807517-320F-43CD-BD53-93CED2EAED9E}.Debug|x64.Build.0 = Debug|x64
		{85807517-320F-43CD-BD53-93CED2EAED9E}.DebugNoReflection|Win32.ActiveCfg = DebugNoReflection|Win32
		{85807517-320F-43CD-BD53-93CED2EAED9E}.DebugNoReflection|Win32.Build.0 = DebugNoReflection|Win32
		{85807517-320F-43CD-BD53-93CED2EAED9E}.DebugNoReflection|x64.ActiveCfg = DebugNoReflection|x64
		{85807517-320F-43CD-BD53-93CED2EAED9E}.DebugNoReflection|x64.Build.0 = DebugNoReflection|x64
		{85807517-320F-43CD-BD53-93CED2EAED9E}.Release|Win32.ActiveCfg = Release|Win32
		{85807517-320F-43CD-BD53-93CED2EAED9E}.Release|Win32.Build.0 = Release|Win32
		{85807517-320F-43CD-BD53-93CED2EAED9E}.Release|x64.ActiveCfg = Release|x64
		{85807517-320F-43CD-BD53-93CED2EAED9E}.Release|x64.Build.0 = Release|x64
		{EB5A22FF-03D9-45A9-BF76-8083D46A643B}.Debug|Win32.ActiveCfg = Debug|Win32
		{EB5A22FF-03D9-45A9-BF76-8083D46A643B}.Debug|Win32.Build.0 = Debug|Win32
		{EB5A22FF-03D9-45A9-BF76-8083D46A643B}.Debug|x64.ActiveCfg = Debug|x64
		{EB5A22FF-03D9-45A9-BF76-8083D46A643B}.Debug|x64.Build.0 = Debug|x64
		{EB5A22FF-03D9-45A9-BF76-8083D46A643B}.DebugNoReflection|Win32.ActiveCfg = DebugNoReflection|Win32
		{EB5A22FF-03D9-45A9-BF76-8083D46A643B}.DebugNoReflection|Win32.Build.0 = DebugNoReflection|Win32
		{EB5A22FF-03D9-45A9-BF76-8083D46A643B}.DebugNoReflection|x64.ActiveCfg = DebugNoReflection|x64
		{EB5A22FF-03D9-45A9-BF76-8083D46A643B}.DebugNoReflection|x64.Build.0 = DebugNoReflection|x64
		{EB5A22FF-03D9-45A9-BF76-8083D46A643B}.Release|Win32.ActiveCfg = Release|Win32
		{EB5A22FF-03D9-45A9-BF76-8083D46A643B}.Release|Win32.Build.0 = Release|Win32
		{EB5A22FF-03D9-45A9-BF76-8083D46A643B}.Release|x64.ActiveCfg = Release|x64
		{EB5A22FF-03D9-45A9-BF76-8083D46A643B}.Release|x64.Build.0 = Release|x64
		{FC2AD8E7-2E9B-4B17-9975-45ED4B30FC79}.Debug|Win32.ActiveCfg = Debug|Win32
		{FC2AD8E7-2E9B-4B17-9975-45ED4B30FC79}.Debug|Win32.Build.0 = Debug|Win32
		{FC2AD8E7-2E9B-4B17-9975-45ED4B30FC79}.Debug|x64.ActiveCfg = Debug|x64
		{FC2AD8E7-2E9B-4B17-9975-45ED4B30FC79}.Debug|x64.Build.0 = Debug|x64
		{FC2AD8E7-2E9B-4B17-9975-45ED4B30FC79}.DebugNoReflection|Win32.ActiveCfg = Debug|Win32
		{FC2AD8E7-2E9B-4B17-9975-45ED4B30FC79}.DebugNoReflection|Win32.Build.0 = Debug|Win32
		{FC2AD8E7-2E9B-4B17-9975-45ED4B30FC79}.DebugNoReflection|x64.ActiveCfg = Debug|x64
		{FC2AD8E7-2E9B-4B17-9975-45ED4B30FC79}.DebugNoReflection|x64.Build.0 = Debug|x64
		{FC2AD8E7-2E9B-4B17-9975-45ED4B30FC79}.Release|Win32.ActiveCfg = Release|Win32
		{FC2AD8E7-2E9B-4B17-9975-45ED4B30FC79}.Release|Win32.Build.0 = Release|Win32
		{FC2AD8E7-2E9B-4B17-9975-45ED4B30FC79}.Release|x64.ActiveCfg = Release|x64
		{FC2AD8E7-2E9B-4B17-9975-45ED4B30FC79}.Release|x64.Build.0 = Release|x64
	EndGlobalSection
	GlobalSection(SolutionProperties) = preSolution
		HideSolutionNode = FALSE
	EndGlobalSection
	GlobalSection(NestedProjects) = preSolution
		{695AA472-C40E-41C8-BDF9-9866F36C9AE3} = {843780E4-7D2F-4955-B988-88325DFB6B9E}
		{80361AFE-C424-451B-BBDD-637AD16274C0} = {843780E4-7D2F-4955-B988-88325DFB6B9E}
	EndGlobalSection
EndGlobal
