<?xml version="1.0" encoding="utf-8"?>
<Project ToolsVersion="4.0" xmlns="http://schemas.microsoft.com/developer/msbuild/2003">
  <ItemGroup>
    <Filter Include="Source Files">
      <UniqueIdentifier>{4FC737F1-C7A5-4376-A066-2A32D752A2FF}</UniqueIdentifier>
      <Extensions>cpp;c;cc;cxx;def;odl;idl;hpj;bat;asm;asmx</Extensions>
    </Filter>
    <Filter Include="Header Files">
      <UniqueIdentifier>{93995380-89BD-4b04-88EB-625FBE52EBFB}</UniqueIdentifier>
      <Extensions>h;hh;hpp;hxx;hm;inl;inc;xsd</Extensions>
    </Filter>
    <Filter Include="Resource Files">
      <UniqueIdentifier>{67DA6AB6-F800-4c08-8B7A-83BB121AAD01}</UniqueIdentifier>
      <Extensions>rc;ico;cur;bmp;dlg;rc2;rct;bin;rgs;gif;jpg;jpeg;jpe;resx;tiff;tif;png;wav;mfcribbon-ms</Extensions>
    </Filter>
    <Filter Include="Workflow">
      <UniqueIdentifier>{2569904c-c635-49f7-bec8-5f691f88a283}</UniqueIdentifier>
    </Filter>
    <Filter Include="Common">
      <UniqueIdentifier>{df40117a-e9c8-4b66-804c-9170b9facb49}</UniqueIdentifier>
    </Filter>
    <Filter Include="Common\Basic">
      <UniqueIdentifier>{218aed98-5e27-48a6-8945-d4cce16b21e7}</UniqueIdentifier>
    </Filter>
    <Filter Include="Common\Collections">
      <UniqueIdentifier>{1b7862a6-b944-44a0-9dba-805e95bdb0ec}</UniqueIdentifier>
    </Filter>
    <Filter Include="Common\Parsing">
      <UniqueIdentifier>{d3ec1b9e-a26f-4945-93d6-2308eec3ff4f}</UniqueIdentifier>
    </Filter>
    <Filter Include="Common\Reflection">
      <UniqueIdentifier>{53c19c6f-33d4-4cb5-a467-f4a8dcd9db83}</UniqueIdentifier>
    </Filter>
    <Filter Include="Common\Stream">
      <UniqueIdentifier>{064632e8-ff9c-47c6-b0c2-f6573601bd67}</UniqueIdentifier>
    </Filter>
    <Filter Include="Common\Regex">
      <UniqueIdentifier>{25984540-c5cd-4fa0-af34-7ad54e684e03}</UniqueIdentifier>
    </Filter>
    <Filter Include="Common\UnitTest">
      <UniqueIdentifier>{f923c44e-7c30-4fd3-985d-68c25791260b}</UniqueIdentifier>
    </Filter>
    <Filter Include="Common\Parsing\Json">
      <UniqueIdentifier>{8efc9a8e-de28-4b1e-919b-2ea4ad21145b}</UniqueIdentifier>
    </Filter>
    <Filter Include="Common\Parsing\Xml">
      <UniqueIdentifier>{2836f308-6347-4646-82b7-bc84622357a5}</UniqueIdentifier>
    </Filter>
    <Filter Include="Workflow\Expression">
      <UniqueIdentifier>{04d03346-ddff-4937-ba7f-e41b62b5c162}</UniqueIdentifier>
    </Filter>
    <Filter Include="Resource Files\Samples">
      <UniqueIdentifier>{a1ab9fe2-e49d-42fe-9e6e-32b54937e656}</UniqueIdentifier>
    </Filter>
    <Filter Include="Resource Files\Samples\Expression">
      <UniqueIdentifier>{f343ddd1-bacd-4b33-8392-79aca300d77c}</UniqueIdentifier>
    </Filter>
    <Filter Include="Resource Files\Samples\Declaration">
      <UniqueIdentifier>{6bda0f93-e3b3-4347-943e-69e77de06f1d}</UniqueIdentifier>
    </Filter>
    <Filter Include="Resource Files\Samples\Statement">
      <UniqueIdentifier>{6f8a9882-e947-4b0f-9398-de66c43adab5}</UniqueIdentifier>
    </Filter>
    <Filter Include="Resource Files\Samples\Module">
      <UniqueIdentifier>{8a7344e7-5818-4254-b1e4-c1154667e7c7}</UniqueIdentifier>
    </Filter>
    <Filter Include="Workflow\Analyzer">
      <UniqueIdentifier>{bce49c91-dc6b-4a6e-afd3-7ddc8d03b794}</UniqueIdentifier>
    </Filter>
    <Filter Include="Workflow\Runtime">
      <UniqueIdentifier>{58fa083a-09ff-40f3-ab86-f44158708dee}</UniqueIdentifier>
    </Filter>
    <Filter Include="Resource Files\Samples\AnalyzerScope">
      <UniqueIdentifier>{0f132ee3-f887-4d7b-8320-57901c76c66d}</UniqueIdentifier>
    </Filter>
    <Filter Include="Resource Files\Samples\AnalyzerError">
      <UniqueIdentifier>{0ce6bcf7-5aa3-4a44-ac6b-5963e0df9a42}</UniqueIdentifier>
    </Filter>
    <Filter Include="Resource Files\Samples\Codegen">
      <UniqueIdentifier>{7239e246-b4d0-45e5-8553-bfa76622b1f7}</UniqueIdentifier>
    </Filter>
  </ItemGroup>
  <ItemGroup>
    <ClInclude Include="..\..\Source\WorkflowVlppReferences.h">
      <Filter>Workflow</Filter>
    </ClInclude>
    <ClInclude Include="..\..\..\..\Common\Source\Stream\Accessor.h">
      <Filter>Common\Stream</Filter>
    </ClInclude>
    <ClInclude Include="..\..\..\..\Common\Source\Stream\BroadcastStream.h">
      <Filter>Common\Stream</Filter>
    </ClInclude>
    <ClInclude Include="..\..\..\..\Common\Source\Stream\CacheStream.h">
      <Filter>Common\Stream</Filter>
    </ClInclude>
    <ClInclude Include="..\..\..\..\Common\Source\Stream\CharFormat.h">
      <Filter>Common\Stream</Filter>
    </ClInclude>
    <ClInclude Include="..\..\..\..\Common\Source\Stream\FileStream.h">
      <Filter>Common\Stream</Filter>
    </ClInclude>
    <ClInclude Include="..\..\..\..\Common\Source\Stream\Interfaces.h">
      <Filter>Common\Stream</Filter>
    </ClInclude>
    <ClInclude Include="..\..\..\..\Common\Source\Stream\MemoryStream.h">
      <Filter>Common\Stream</Filter>
    </ClInclude>
    <ClInclude Include="..\..\..\..\Common\Source\Stream\MemoryWrapperStream.h">
      <Filter>Common\Stream</Filter>
    </ClInclude>
    <ClInclude Include="..\..\..\..\Common\Source\Stream\RecorderStream.h">
      <Filter>Common\Stream</Filter>
    </ClInclude>
    <ClInclude Include="..\..\..\..\Common\Source\Reflection\GuiTypeDescriptor.h">
      <Filter>Common\Reflection</Filter>
    </ClInclude>
    <ClInclude Include="..\..\..\..\Common\Source\Reflection\GuiTypeDescriptorBuilder.h">
      <Filter>Common\Reflection</Filter>
    </ClInclude>
    <ClInclude Include="..\..\..\..\Common\Source\Reflection\GuiTypeDescriptorMacros.h">
      <Filter>Common\Reflection</Filter>
    </ClInclude>
    <ClInclude Include="..\..\..\..\Common\Source\Reflection\GuiTypeDescriptorPredefined.h">
      <Filter>Common\Reflection</Filter>
    </ClInclude>
    <ClInclude Include="..\..\..\..\Common\Source\Parsing\Parsing.h">
      <Filter>Common\Parsing</Filter>
    </ClInclude>
    <ClInclude Include="..\..\..\..\Common\Source\Parsing\ParsingAnalyzer.h">
      <Filter>Common\Parsing</Filter>
    </ClInclude>
    <ClInclude Include="..\..\..\..\Common\Source\Parsing\ParsingAutomaton.h">
      <Filter>Common\Parsing</Filter>
    </ClInclude>
    <ClInclude Include="..\..\..\..\Common\Source\Parsing\ParsingDefinitions.h">
      <Filter>Common\Parsing</Filter>
    </ClInclude>
    <ClInclude Include="..\..\..\..\Common\Source\Parsing\ParsingState.h">
      <Filter>Common\Parsing</Filter>
    </ClInclude>
    <ClInclude Include="..\..\..\..\Common\Source\Parsing\ParsingTable.h">
      <Filter>Common\Parsing</Filter>
    </ClInclude>
    <ClInclude Include="..\..\..\..\Common\Source\Parsing\ParsingTree.h">
      <Filter>Common\Parsing</Filter>
    </ClInclude>
    <ClInclude Include="..\..\..\..\Common\Source\Parsing\Xml\ParsingXml.h">
      <Filter>Common\Parsing\Xml</Filter>
    </ClInclude>
    <ClInclude Include="..\..\..\..\Common\Source\Parsing\Xml\ParsingXml_Parser.h">
      <Filter>Common\Parsing\Xml</Filter>
    </ClInclude>
    <ClInclude Include="..\..\..\..\Common\Source\Parsing\Json\ParsingJson.h">
      <Filter>Common\Parsing\Json</Filter>
    </ClInclude>
    <ClInclude Include="..\..\..\..\Common\Source\Parsing\Json\ParsingJson_Parser.h">
      <Filter>Common\Parsing\Json</Filter>
    </ClInclude>
    <ClInclude Include="..\..\..\..\Common\Source\Regex\Regex.h">
      <Filter>Common\Regex</Filter>
    </ClInclude>
    <ClInclude Include="..\..\..\..\Common\Source\Regex\RegexAutomaton.h">
      <Filter>Common\Regex</Filter>
    </ClInclude>
    <ClInclude Include="..\..\..\..\Common\Source\Regex\RegexData.h">
      <Filter>Common\Regex</Filter>
    </ClInclude>
    <ClInclude Include="..\..\..\..\Common\Source\Regex\RegexExpression.h">
      <Filter>Common\Regex</Filter>
    </ClInclude>
    <ClInclude Include="..\..\..\..\Common\Source\Regex\RegexPure.h">
      <Filter>Common\Regex</Filter>
    </ClInclude>
    <ClInclude Include="..\..\..\..\Common\Source\Regex\RegexRich.h">
      <Filter>Common\Regex</Filter>
    </ClInclude>
    <ClInclude Include="..\..\..\..\Common\Source\Regex\RegexWriter.h">
      <Filter>Common\Regex</Filter>
    </ClInclude>
    <ClInclude Include="..\..\..\..\Common\Source\UnitTest\UnitTest.h">
      <Filter>Common\UnitTest</Filter>
    </ClInclude>
    <ClInclude Include="..\..\..\..\Common\Source\Collections\Dictionary.h">
      <Filter>Common\Collections</Filter>
    </ClInclude>
    <ClInclude Include="..\..\..\..\Common\Source\Collections\Interfaces.h">
      <Filter>Common\Collections</Filter>
    </ClInclude>
    <ClInclude Include="..\..\..\..\Common\Source\Collections\List.h">
      <Filter>Common\Collections</Filter>
    </ClInclude>
    <ClInclude Include="..\..\..\..\Common\Source\Collections\Operation.h">
      <Filter>Common\Collections</Filter>
    </ClInclude>
    <ClInclude Include="..\..\..\..\Common\Source\Collections\OperationConcat.h">
      <Filter>Common\Collections</Filter>
    </ClInclude>
    <ClInclude Include="..\..\..\..\Common\Source\Collections\OperationCopyFrom.h">
      <Filter>Common\Collections</Filter>
    </ClInclude>
    <ClInclude Include="..\..\..\..\Common\Source\Collections\OperationEnumerable.h">
      <Filter>Common\Collections</Filter>
    </ClInclude>
    <ClInclude Include="..\..\..\..\Common\Source\Collections\OperationForEach.h">
      <Filter>Common\Collections</Filter>
    </ClInclude>
    <ClInclude Include="..\..\..\..\Common\Source\Collections\OperationPair.h">
      <Filter>Common\Collections</Filter>
    </ClInclude>
    <ClInclude Include="..\..\..\..\Common\Source\Collections\OperationSelect.h">
      <Filter>Common\Collections</Filter>
    </ClInclude>
    <ClInclude Include="..\..\..\..\Common\Source\Collections\OperationSequence.h">
      <Filter>Common\Collections</Filter>
    </ClInclude>
    <ClInclude Include="..\..\..\..\Common\Source\Collections\OperationSet.h">
      <Filter>Common\Collections</Filter>
    </ClInclude>
    <ClInclude Include="..\..\..\..\Common\Source\Collections\OperationString.h">
      <Filter>Common\Collections</Filter>
    </ClInclude>
    <ClInclude Include="..\..\..\..\Common\Source\Collections\OperationWhere.h">
      <Filter>Common\Collections</Filter>
    </ClInclude>
    <ClInclude Include="..\..\..\..\Common\Source\Collections\Pair.h">
      <Filter>Common\Collections</Filter>
    </ClInclude>
    <ClInclude Include="..\..\..\..\Common\Source\Basic.h">
      <Filter>Common\Basic</Filter>
    </ClInclude>
    <ClInclude Include="..\..\..\..\Common\Source\Console.h">
      <Filter>Common\Basic</Filter>
    </ClInclude>
    <ClInclude Include="..\..\..\..\Common\Source\Exception.h">
      <Filter>Common\Basic</Filter>
    </ClInclude>
    <ClInclude Include="..\..\..\..\Common\Source\Function.h">
      <Filter>Common\Basic</Filter>
    </ClInclude>
    <ClInclude Include="..\..\..\..\Common\Source\Locale.h">
      <Filter>Common\Basic</Filter>
    </ClInclude>
    <ClInclude Include="..\..\..\..\Common\Source\Pointer.h">
      <Filter>Common\Basic</Filter>
    </ClInclude>
    <ClInclude Include="..\..\..\..\Common\Source\String.h">
      <Filter>Common\Basic</Filter>
    </ClInclude>
    <ClInclude Include="..\..\..\..\Common\Source\Threading.h">
      <Filter>Common\Basic</Filter>
    </ClInclude>
    <ClInclude Include="..\..\Source\Expression\WfExpression.h">
      <Filter>Workflow\Expression</Filter>
    </ClInclude>
    <ClInclude Include="..\..\Source\Analyzer\WfAnalyzer.h">
      <Filter>Workflow\Analyzer</Filter>
    </ClInclude>
    <ClInclude Include="..\..\Source\Runtime\WfRuntime.h">
      <Filter>Workflow\Runtime</Filter>
    </ClInclude>
    <ClInclude Include="TestFunctions.h">
      <Filter>Header Files</Filter>
    </ClInclude>
    <ClInclude Include="..\..\Source\Expression\WfExpressionParser.h">
      <Filter>Workflow\Expression</Filter>
    </ClInclude>
    <ClInclude Include="..\..\..\..\Common\Source\Reflection\GuiTypeDescriptorBuilder_Container.h">
      <Filter>Common\Reflection</Filter>
    </ClInclude>
    <ClInclude Include="..\..\..\..\Common\Source\Reflection\GuiTypeDescriptorBuilder_Function.h">
      <Filter>Common\Reflection</Filter>
    </ClInclude>
    <ClInclude Include="..\..\..\..\Common\Source\Reflection\GuiTypeDescriptorBuilder_Struct.h">
      <Filter>Common\Reflection</Filter>
    </ClInclude>
    <ClInclude Include="..\..\..\..\Common\Source\Tuple.h">
      <Filter>Common\Basic</Filter>
    </ClInclude>
    <ClInclude Include="..\..\..\..\Common\Source\Stream\CompressionStream.h">
      <Filter>Common\Stream</Filter>
    </ClInclude>
  </ItemGroup>
  <ItemGroup>
    <ClCompile Include="..\..\..\..\Common\Source\Stream\Accessor.cpp">
      <Filter>Common\Stream</Filter>
    </ClCompile>
    <ClCompile Include="..\..\..\..\Common\Source\Stream\BroadcastStream.cpp">
      <Filter>Common\Stream</Filter>
    </ClCompile>
    <ClCompile Include="..\..\..\..\Common\Source\Stream\CacheStream.cpp">
      <Filter>Common\Stream</Filter>
    </ClCompile>
    <ClCompile Include="..\..\..\..\Common\Source\Stream\CharFormat.cpp">
      <Filter>Common\Stream</Filter>
    </ClCompile>
    <ClCompile Include="..\..\..\..\Common\Source\Stream\FileStream.cpp">
      <Filter>Common\Stream</Filter>
    </ClCompile>
    <ClCompile Include="..\..\..\..\Common\Source\Stream\MemoryStream.cpp">
      <Filter>Common\Stream</Filter>
    </ClCompile>
    <ClCompile Include="..\..\..\..\Common\Source\Stream\MemoryWrapperStream.cpp">
      <Filter>Common\Stream</Filter>
    </ClCompile>
    <ClCompile Include="..\..\..\..\Common\Source\Stream\RecorderStream.cpp">
      <Filter>Common\Stream</Filter>
    </ClCompile>
    <ClCompile Include="..\..\..\..\Common\Source\Reflection\GuiTypeDescriptor.cpp">
      <Filter>Common\Reflection</Filter>
    </ClCompile>
    <ClCompile Include="..\..\..\..\Common\Source\Reflection\GuiTypeDescriptorBuilder.cpp">
      <Filter>Common\Reflection</Filter>
    </ClCompile>
    <ClCompile Include="..\..\..\..\Common\Source\Reflection\GuiTypeDescriptorPredefined.cpp">
      <Filter>Common\Reflection</Filter>
    </ClCompile>
    <ClCompile Include="..\..\..\..\Common\Source\Parsing\Parsing.cpp">
      <Filter>Common\Parsing</Filter>
    </ClCompile>
    <ClCompile Include="..\..\..\..\Common\Source\Parsing\ParsingAnalyzer.cpp">
      <Filter>Common\Parsing</Filter>
    </ClCompile>
    <ClCompile Include="..\..\..\..\Common\Source\Parsing\ParsingAutomaton.cpp">
      <Filter>Common\Parsing</Filter>
    </ClCompile>
    <ClCompile Include="..\..\..\..\Common\Source\Parsing\ParsingAutomaton_Closure.cpp">
      <Filter>Common\Parsing</Filter>
    </ClCompile>
    <ClCompile Include="..\..\..\..\Common\Source\Parsing\ParsingAutomaton_EPDA.cpp">
      <Filter>Common\Parsing</Filter>
    </ClCompile>
    <ClCompile Include="..\..\..\..\Common\Source\Parsing\ParsingAutomaton_GenerateTable.cpp">
      <Filter>Common\Parsing</Filter>
    </ClCompile>
    <ClCompile Include="..\..\..\..\Common\Source\Parsing\ParsingAutomaton_JPDA.cpp">
      <Filter>Common\Parsing</Filter>
    </ClCompile>
    <ClCompile Include="..\..\..\..\Common\Source\Parsing\ParsingAutomaton_MergeStates.cpp">
      <Filter>Common\Parsing</Filter>
    </ClCompile>
    <ClCompile Include="..\..\..\..\Common\Source\Parsing\ParsingAutomaton_NPDA.cpp">
      <Filter>Common\Parsing</Filter>
    </ClCompile>
    <ClCompile Include="..\..\..\..\Common\Source\Parsing\ParsingDefinitions.cpp">
      <Filter>Common\Parsing</Filter>
    </ClCompile>
    <ClCompile Include="..\..\..\..\Common\Source\Parsing\ParsingDefinitions_CreateParserDefinition.cpp">
      <Filter>Common\Parsing</Filter>
    </ClCompile>
    <ClCompile Include="..\..\..\..\Common\Source\Parsing\ParsingLogging.cpp">
      <Filter>Common\Parsing</Filter>
    </ClCompile>
    <ClCompile Include="..\..\..\..\Common\Source\Parsing\ParsingState.cpp">
      <Filter>Common\Parsing</Filter>
    </ClCompile>
    <ClCompile Include="..\..\..\..\Common\Source\Parsing\ParsingTable.cpp">
      <Filter>Common\Parsing</Filter>
    </ClCompile>
    <ClCompile Include="..\..\..\..\Common\Source\Parsing\ParsingTree.cpp">
      <Filter>Common\Parsing</Filter>
    </ClCompile>
    <ClCompile Include="..\..\..\..\Common\Source\Parsing\Xml\ParsingXml.cpp">
      <Filter>Common\Parsing\Xml</Filter>
    </ClCompile>
    <ClCompile Include="..\..\..\..\Common\Source\Parsing\Xml\ParsingXml_Parser.cpp">
      <Filter>Common\Parsing\Xml</Filter>
    </ClCompile>
    <ClCompile Include="..\..\..\..\Common\Source\Parsing\Json\ParsingJson.cpp">
      <Filter>Common\Parsing\Json</Filter>
    </ClCompile>
    <ClCompile Include="..\..\..\..\Common\Source\Parsing\Json\ParsingJson_Parser.cpp">
      <Filter>Common\Parsing\Json</Filter>
    </ClCompile>
    <ClCompile Include="..\..\..\..\Common\Source\Regex\Regex.cpp">
      <Filter>Common\Regex</Filter>
    </ClCompile>
    <ClCompile Include="..\..\..\..\Common\Source\Regex\RegexAutomaton.cpp">
      <Filter>Common\Regex</Filter>
    </ClCompile>
    <ClCompile Include="..\..\..\..\Common\Source\Regex\RegexData.cpp">
      <Filter>Common\Regex</Filter>
    </ClCompile>
    <ClCompile Include="..\..\..\..\Common\Source\Regex\RegexExpression.cpp">
      <Filter>Common\Regex</Filter>
    </ClCompile>
    <ClCompile Include="..\..\..\..\Common\Source\Regex\RegexParser.cpp">
      <Filter>Common\Regex</Filter>
    </ClCompile>
    <ClCompile Include="..\..\..\..\Common\Source\Regex\RegexPure.cpp">
      <Filter>Common\Regex</Filter>
    </ClCompile>
    <ClCompile Include="..\..\..\..\Common\Source\Regex\RegexRich.cpp">
      <Filter>Common\Regex</Filter>
    </ClCompile>
    <ClCompile Include="..\..\..\..\Common\Source\Regex\RegexWriter.cpp">
      <Filter>Common\Regex</Filter>
    </ClCompile>
    <ClCompile Include="..\..\..\..\Common\Source\UnitTest\UnitTest.cpp">
      <Filter>Common\UnitTest</Filter>
    </ClCompile>
    <ClCompile Include="..\..\..\..\Common\Source\Basic.cpp">
      <Filter>Common\Basic</Filter>
    </ClCompile>
    <ClCompile Include="..\..\..\..\Common\Source\Console.cpp">
      <Filter>Common\Basic</Filter>
    </ClCompile>
    <ClCompile Include="..\..\..\..\Common\Source\Exception.cpp">
      <Filter>Common\Basic</Filter>
    </ClCompile>
    <ClCompile Include="..\..\..\..\Common\Source\Locale.cpp">
      <Filter>Common\Basic</Filter>
    </ClCompile>
    <ClCompile Include="..\..\..\..\Common\Source\String.cpp">
      <Filter>Common\Basic</Filter>
    </ClCompile>
    <ClCompile Include="..\..\..\..\Common\Source\Threading.cpp">
      <Filter>Common\Basic</Filter>
    </ClCompile>
    <ClCompile Include="Main.cpp">
      <Filter>Source Files</Filter>
    </ClCompile>
    <ClCompile Include="..\..\Source\Expression\WfExpression.cpp">
      <Filter>Workflow\Expression</Filter>
    </ClCompile>
    <ClCompile Include="TestSamples.cpp">
      <Filter>Source Files</Filter>
    </ClCompile>
    <ClCompile Include="..\..\Source\Analyzer\WfAnalyzer.cpp">
      <Filter>Workflow\Analyzer</Filter>
    </ClCompile>
    <ClCompile Include="..\..\Source\Runtime\WfRuntime.cpp">
      <Filter>Workflow\Runtime</Filter>
    </ClCompile>
    <ClCompile Include="TestAnalyzer.cpp">
      <Filter>Source Files</Filter>
    </ClCompile>
    <ClCompile Include="..\..\Source\Analyzer\WfAnalyzer_TypeInfo.cpp">
      <Filter>Workflow\Analyzer</Filter>
    </ClCompile>
    <ClCompile Include="..\..\Source\Analyzer\WfAnalyzer_BuildScope.cpp">
      <Filter>Workflow\Analyzer</Filter>
    </ClCompile>
    <ClCompile Include="..\..\Source\Analyzer\WfAnalyzer_SearchOrderedName.cpp">
      <Filter>Workflow\Analyzer</Filter>
    </ClCompile>
    <ClCompile Include="..\..\Source\Analyzer\WfAnalyzer_ValidateStructure.cpp">
      <Filter>Workflow\Analyzer</Filter>
    </ClCompile>
    <ClCompile Include="..\..\Source\Analyzer\WfAnalyzer_Errors.cpp">
      <Filter>Workflow\Analyzer</Filter>
    </ClCompile>
    <ClCompile Include="..\..\Source\Expression\WfExpressionParser.cpp">
      <Filter>Workflow\Expression</Filter>
    </ClCompile>
    <ClCompile Include="..\..\Source\Analyzer\WfAnalyzer_ValidateSemantic.cpp">
      <Filter>Workflow\Analyzer</Filter>
    </ClCompile>
    <ClCompile Include="..\..\Source\Analyzer\WfAnalyzer_Misc.cpp">
      <Filter>Workflow\Analyzer</Filter>
    </ClCompile>
    <ClCompile Include="..\..\Source\Analyzer\WfAnalyzer_GenerateAssembly.cpp">
      <Filter>Workflow\Analyzer</Filter>
    </ClCompile>
    <ClCompile Include="TestCodegen.cpp">
      <Filter>Source Files</Filter>
    </ClCompile>
    <ClCompile Include="..\..\Source\Runtime\WfRuntime_Execution.cpp">
      <Filter>Workflow\Runtime</Filter>
    </ClCompile>
    <ClCompile Include="..\..\Source\Analyzer\WfAnalyzer_GenerateDeclaration.cpp">
      <Filter>Workflow\Analyzer</Filter>
    </ClCompile>
    <ClCompile Include="..\..\Source\Analyzer\WfAnalyzer_GenerateStatement.cpp">
      <Filter>Workflow\Analyzer</Filter>
    </ClCompile>
    <ClCompile Include="..\..\Source\Analyzer\WfAnalyzer_GenerateExpression.cpp">
      <Filter>Workflow\Analyzer</Filter>
    </ClCompile>
    <ClCompile Include="..\..\Source\Analyzer\WfAnalyzer_GenerateBind.cpp">
      <Filter>Workflow\Analyzer</Filter>
    </ClCompile>
    <ClCompile Include="..\..\..\..\Common\Source\Stream\CompressionStream.cpp">
      <Filter>Common\Stream</Filter>
    </ClCompile>
  </ItemGroup>
  <ItemGroup>
    <Text Include="Spec.txt" />
    <Text Include="..\TestFiles\Samples\IndexDeclaration.txt">
      <Filter>Resource Files\Samples</Filter>
    </Text>
    <Text Include="..\TestFiles\Samples\IndexExpression.txt">
      <Filter>Resource Files\Samples</Filter>
    </Text>
    <Text Include="..\TestFiles\Samples\IndexModule.txt">
      <Filter>Resource Files\Samples</Filter>
    </Text>
    <Text Include="..\TestFiles\Samples\IndexStatement.txt">
      <Filter>Resource Files\Samples</Filter>
    </Text>
    <Text Include="..\TestFiles\Samples\Expression\HelloWorld.txt">
      <Filter>Resource Files\Samples\Expression</Filter>
    </Text>
    <Text Include="..\TestFiles\Samples\Declaration\HelloWorld.txt">
      <Filter>Resource Files\Samples\Declaration</Filter>
    </Text>
    <Text Include="..\TestFiles\Samples\Module\HelloWorld.txt">
      <Filter>Resource Files\Samples\Module</Filter>
    </Text>
    <Text Include="..\TestFiles\Samples\Statement\HelloWorld.txt">
      <Filter>Resource Files\Samples\Statement</Filter>
    </Text>
    <Text Include="..\TestFiles\Samples\Expression\Attach.txt">
      <Filter>Resource Files\Samples\Expression</Filter>
    </Text>
    <Text Include="..\TestFiles\Samples\Expression\BinaryAscending.txt">
      <Filter>Resource Files\Samples\Expression</Filter>
    </Text>
    <Text Include="..\TestFiles\Samples\Expression\BinaryDescending.txt">
      <Filter>Resource Files\Samples\Expression</Filter>
    </Text>
    <Text Include="..\TestFiles\Samples\Expression\Bind.txt">
      <Filter>Resource Files\Samples\Expression</Filter>
    </Text>
    <Text Include="..\TestFiles\Samples\Expression\Bracket.txt">
      <Filter>Resource Files\Samples\Expression</Filter>
    </Text>
    <Text Include="..\TestFiles\Samples\Expression\Call.txt">
      <Filter>Resource Files\Samples\Expression</Filter>
    </Text>
    <Text Include="..\TestFiles\Samples\Expression\Child.txt">
      <Filter>Resource Files\Samples\Expression</Filter>
    </Text>
    <Text Include="..\TestFiles\Samples\Expression\Detach.txt">
      <Filter>Resource Files\Samples\Expression</Filter>
    </Text>
    <Text Include="..\TestFiles\Samples\Expression\EmptyCollection.txt">
      <Filter>Resource Files\Samples\Expression</Filter>
    </Text>
    <Text Include="..\TestFiles\Samples\Expression\ExtendedObserve1.txt">
      <Filter>Resource Files\Samples\Expression</Filter>
    </Text>
    <Text Include="..\TestFiles\Samples\Expression\ExtendedObserve2.txt">
      <Filter>Resource Files\Samples\Expression</Filter>
    </Text>
    <Text Include="..\TestFiles\Samples\Expression\False.txt">
      <Filter>Resource Files\Samples\Expression</Filter>
    </Text>
    <Text Include="..\TestFiles\Samples\Expression\Float.txt">
      <Filter>Resource Files\Samples\Expression</Filter>
    </Text>
    <Text Include="..\TestFiles\Samples\Expression\FormatString.txt">
      <Filter>Resource Files\Samples\Expression</Filter>
    </Text>
    <Text Include="..\TestFiles\Samples\Expression\Function.txt">
      <Filter>Resource Files\Samples\Expression</Filter>
    </Text>
    <Text Include="..\TestFiles\Samples\Expression\Index.txt">
      <Filter>Resource Files\Samples\Expression</Filter>
    </Text>
    <Text Include="..\TestFiles\Samples\Expression\Infer.txt">
      <Filter>Resource Files\Samples\Expression</Filter>
    </Text>
    <Text Include="..\TestFiles\Samples\Expression\Integer.txt">
      <Filter>Resource Files\Samples\Expression</Filter>
    </Text>
    <Text Include="..\TestFiles\Samples\Expression\IsNotNull.txt">
      <Filter>Resource Files\Samples\Expression</Filter>
    </Text>
    <Text Include="..\TestFiles\Samples\Expression\IsNotType.txt">
      <Filter>Resource Files\Samples\Expression</Filter>
    </Text>
    <Text Include="..\TestFiles\Samples\Expression\IsNull.txt">
      <Filter>Resource Files\Samples\Expression</Filter>
    </Text>
    <Text Include="..\TestFiles\Samples\Expression\IsType.txt">
      <Filter>Resource Files\Samples\Expression</Filter>
    </Text>
    <Text Include="..\TestFiles\Samples\Expression\Let.txt">
      <Filter>Resource Files\Samples\Expression</Filter>
    </Text>
    <Text Include="..\TestFiles\Samples\Expression\List.txt">
      <Filter>Resource Files\Samples\Expression</Filter>
    </Text>
    <Text Include="..\TestFiles\Samples\Expression\Map.txt">
      <Filter>Resource Files\Samples\Expression</Filter>
    </Text>
    <Text Include="..\TestFiles\Samples\Expression\Member.txt">
      <Filter>Resource Files\Samples\Expression</Filter>
    </Text>
    <Text Include="..\TestFiles\Samples\Expression\Negative.txt">
      <Filter>Resource Files\Samples\Expression</Filter>
    </Text>
    <Text Include="..\TestFiles\Samples\Expression\Not.txt">
      <Filter>Resource Files\Samples\Expression</Filter>
    </Text>
    <Text Include="..\TestFiles\Samples\Expression\Null.txt">
      <Filter>Resource Files\Samples\Expression</Filter>
    </Text>
    <Text Include="..\TestFiles\Samples\Expression\OrderedLambda.txt">
      <Filter>Resource Files\Samples\Expression</Filter>
    </Text>
    <Text Include="..\TestFiles\Samples\Expression\OrderedName.txt">
      <Filter>Resource Files\Samples\Expression</Filter>
    </Text>
    <Text Include="..\TestFiles\Samples\Expression\Positive.txt">
      <Filter>Resource Files\Samples\Expression</Filter>
    </Text>
    <Text Include="..\TestFiles\Samples\Expression\Range1.txt">
      <Filter>Resource Files\Samples\Expression</Filter>
    </Text>
    <Text Include="..\TestFiles\Samples\Expression\Range2.txt">
      <Filter>Resource Files\Samples\Expression</Filter>
    </Text>
    <Text Include="..\TestFiles\Samples\Expression\Range3.txt">
      <Filter>Resource Files\Samples\Expression</Filter>
    </Text>
    <Text Include="..\TestFiles\Samples\Expression\Range4.txt">
      <Filter>Resource Files\Samples\Expression</Filter>
    </Text>
    <Text Include="..\TestFiles\Samples\Expression\Reference.txt">
      <Filter>Resource Files\Samples\Expression</Filter>
    </Text>
    <Text Include="..\TestFiles\Samples\Expression\SetIn.txt">
      <Filter>Resource Files\Samples\Expression</Filter>
    </Text>
    <Text Include="..\TestFiles\Samples\Expression\SetNotIn.txt">
      <Filter>Resource Files\Samples\Expression</Filter>
    </Text>
    <Text Include="..\TestFiles\Samples\Expression\SimpleObserve1.txt">
      <Filter>Resource Files\Samples\Expression</Filter>
    </Text>
    <Text Include="..\TestFiles\Samples\Expression\SimpleObserve2.txt">
      <Filter>Resource Files\Samples\Expression</Filter>
    </Text>
    <Text Include="..\TestFiles\Samples\Expression\String.txt">
      <Filter>Resource Files\Samples\Expression</Filter>
    </Text>
    <Text Include="..\TestFiles\Samples\Expression\True.txt">
      <Filter>Resource Files\Samples\Expression</Filter>
    </Text>
    <Text Include="..\TestFiles\Samples\Expression\TypeOfExpression.txt">
      <Filter>Resource Files\Samples\Expression</Filter>
    </Text>
    <Text Include="..\TestFiles\Samples\Expression\TypeOfType.txt">
      <Filter>Resource Files\Samples\Expression</Filter>
    </Text>
    <Text Include="..\TestFiles\Samples\Expression\New1.txt">
      <Filter>Resource Files\Samples\Expression</Filter>
    </Text>
    <Text Include="..\TestFiles\Samples\Expression\New2.txt">
      <Filter>Resource Files\Samples\Expression</Filter>
    </Text>
    <Text Include="..\TestFiles\Samples\Statement\Break.txt">
      <Filter>Resource Files\Samples\Statement</Filter>
    </Text>
    <Text Include="..\TestFiles\Samples\Statement\Continue.txt">
      <Filter>Resource Files\Samples\Statement</Filter>
    </Text>
    <Text Include="..\TestFiles\Samples\Statement\Delete.txt">
      <Filter>Resource Files\Samples\Statement</Filter>
    </Text>
    <Text Include="..\TestFiles\Samples\Statement\Expression.txt">
      <Filter>Resource Files\Samples\Statement</Filter>
    </Text>
    <Text Include="..\TestFiles\Samples\Statement\ForEach.txt">
      <Filter>Resource Files\Samples\Statement</Filter>
    </Text>
    <Text Include="..\TestFiles\Samples\Statement\Raise.txt">
      <Filter>Resource Files\Samples\Statement</Filter>
    </Text>
    <Text Include="..\TestFiles\Samples\Statement\Return.txt">
      <Filter>Resource Files\Samples\Statement</Filter>
    </Text>
    <Text Include="..\TestFiles\Samples\Statement\Switch.txt">
      <Filter>Resource Files\Samples\Statement</Filter>
    </Text>
    <Text Include="..\TestFiles\Samples\Statement\Try.txt">
      <Filter>Resource Files\Samples\Statement</Filter>
    </Text>
    <Text Include="..\TestFiles\Samples\Statement\Variable.txt">
      <Filter>Resource Files\Samples\Statement</Filter>
    </Text>
    <Text Include="..\TestFiles\Samples\Statement\While.txt">
      <Filter>Resource Files\Samples\Statement</Filter>
    </Text>
    <Text Include="..\TestFiles\Samples\Statement\If.txt">
      <Filter>Resource Files\Samples\Statement</Filter>
    </Text>
    <Text Include="..\TestFiles\Samples\Statement\IfCast.txt">
      <Filter>Resource Files\Samples\Statement</Filter>
    </Text>
    <Text Include="..\TestFiles\Samples\Statement\ForEachReversed.txt">
      <Filter>Resource Files\Samples\Statement</Filter>
    </Text>
    <Text Include="..\TestFiles\Samples\Declaration\Function.txt">
      <Filter>Resource Files\Samples\Declaration</Filter>
    </Text>
    <Text Include="..\TestFiles\Samples\Declaration\Namespace.txt">
      <Filter>Resource Files\Samples\Declaration</Filter>
    </Text>
    <Text Include="..\TestFiles\Samples\Declaration\NestedNamespace.txt">
      <Filter>Resource Files\Samples\Declaration</Filter>
    </Text>
    <Text Include="..\TestFiles\Samples\Module\Useful.txt">
      <Filter>Resource Files\Samples\Module</Filter>
    </Text>
    <Text Include="..\TestFiles\Samples\Declaration\Variable.txt">
      <Filter>Resource Files\Samples\Declaration</Filter>
    </Text>
    <Text Include="..\TestFiles\Samples\Expression\CastStrong.txt">
      <Filter>Resource Files\Samples\Expression</Filter>
    </Text>
    <Text Include="..\TestFiles\Samples\Expression\CastWeak.txt">
      <Filter>Resource Files\Samples\Expression</Filter>
    </Text>
    <Text Include="..\TestFiles\Samples\IndexAnalyzerScope.txt">
      <Filter>Resource Files\Samples</Filter>
    </Text>
    <Text Include="..\TestFiles\Samples\AnalyzerScope\ModuleA.txt">
      <Filter>Resource Files\Samples\AnalyzerScope</Filter>
    </Text>
    <Text Include="..\TestFiles\Samples\AnalyzerScope\ModuleB.txt">
      <Filter>Resource Files\Samples\AnalyzerScope</Filter>
    </Text>
    <Text Include="..\TestFiles\Samples\AnalyzerScope\ModuleC.txt">
      <Filter>Resource Files\Samples\AnalyzerScope</Filter>
    </Text>
    <Text Include="..\TestFiles\Samples\IndexAnalyzerError.txt">
      <Filter>Resource Files\Samples</Filter>
    </Text>
    <Text Include="..\TestFiles\Samples\AnalyzerError\A0_WrongFormatStringSyntax.txt">
      <Filter>Resource Files\Samples\AnalyzerError</Filter>
    </Text>
    <Text Include="..\TestFiles\Samples\AnalyzerError\A1_WrongSimpleObserveExpression.txt">
      <Filter>Resource Files\Samples\AnalyzerError</Filter>
    </Text>
    <Text Include="..\TestFiles\Samples\AnalyzerError\A2_WrongSimpleObserveEvent.txt">
      <Filter>Resource Files\Samples\AnalyzerError</Filter>
    </Text>
    <Text Include="..\TestFiles\Samples\AnalyzerError\A3_ObserveNotInBind.txt">
      <Filter>Resource Files\Samples\AnalyzerError</Filter>
    </Text>
    <Text Include="..\..\Source\Expression\WfExpressionParser.parser.txt">
      <Filter>Workflow\Expression</Filter>
    </Text>
    <Text Include="..\TestFiles\Samples\AnalyzerError\A4_BindInBind.txt">
      <Filter>Resource Files\Samples\AnalyzerError</Filter>
    </Text>
    <Text Include="..\TestFiles\Samples\AnalyzerError\B0_VoidArgument.txt">
      <Filter>Resource Files\Samples\AnalyzerError</Filter>
    </Text>
    <Text Include="..\TestFiles\Samples\AnalyzerError\B0_VoidMapElement.txt">
      <Filter>Resource Files\Samples\AnalyzerError</Filter>
    </Text>
    <Text Include="..\TestFiles\Samples\AnalyzerError\B0_VoidVariable.txt">
      <Filter>Resource Files\Samples\AnalyzerError</Filter>
    </Text>
    <Text Include="..\TestFiles\Samples\AnalyzerError\C0_BreakNotInLoop.txt">
      <Filter>Resource Files\Samples\AnalyzerError</Filter>
    </Text>
    <Text Include="..\TestFiles\Samples\AnalyzerError\C1_ContinueNotInLoop.txt">
      <Filter>Resource Files\Samples\AnalyzerError</Filter>
    </Text>
    <Text Include="..\TestFiles\Samples\AnalyzerError\C2_RethrowNotInCatch.txt">
      <Filter>Resource Files\Samples\AnalyzerError</Filter>
    </Text>
    <Text Include="..\TestFiles\Samples\AnalyzerError\C3_TryMissCatchAndFinally.txt">
      <Filter>Resource Files\Samples\AnalyzerError</Filter>
    </Text>
    <Text Include="..\TestFiles\Samples\AnalyzerError\D0_AnonymousFunction.txt">
      <Filter>Resource Files\Samples\AnalyzerError</Filter>
    </Text>
    <Text Include="..\TestFiles\Samples\AnalyzerError\D0_AnonymousInterfaceFunction.txt">
      <Filter>Resource Files\Samples\AnalyzerError</Filter>
    </Text>
    <Text Include="..\TestFiles\Samples\AnalyzerError\A5_ConstructorMixMapAndList.txt">
      <Filter>Resource Files\Samples\AnalyzerError</Filter>
    </Text>
    <Text Include="..\TestFiles\Samples\AnalyzerError\B1_InterfaceArgument.txt">
      <Filter>Resource Files\Samples\AnalyzerError</Filter>
    </Text>
    <Text Include="..\TestFiles\Samples\AnalyzerError\B1_InterfaceMapElement.txt">
      <Filter>Resource Files\Samples\AnalyzerError</Filter>
    </Text>
    <Text Include="..\TestFiles\Samples\AnalyzerError\B1_InterfaceVariable.txt">
      <Filter>Resource Files\Samples\AnalyzerError</Filter>
    </Text>
    <Text Include="..\TestFiles\Samples\AnalyzerError\B2_RawPointerToEnumerable.txt">
      <Filter>Resource Files\Samples\AnalyzerError</Filter>
    </Text>
    <Text Include="..\TestFiles\Samples\AnalyzerError\B2_RawPointerToMap.txt">
      <Filter>Resource Files\Samples\AnalyzerError</Filter>
    </Text>
    <Text Include="..\TestFiles\Samples\AnalyzerError\B2_RawPointerToString.txt">
      <Filter>Resource Files\Samples\AnalyzerError</Filter>
    </Text>
    <Text Include="..\TestFiles\Samples\AnalyzerError\B2_RawPointerToStruct.txt">
      <Filter>Resource Files\Samples\AnalyzerError</Filter>
    </Text>
    <Text Include="..\TestFiles\Samples\AnalyzerError\B2_RawPointerToVoid.txt">
      <Filter>Resource Files\Samples\AnalyzerError</Filter>
    </Text>
    <Text Include="..\TestFiles\Samples\AnalyzerError\B3_SharedPointerToEnumerable.txt">
      <Filter>Resource Files\Samples\AnalyzerError</Filter>
    </Text>
    <Text Include="..\TestFiles\Samples\AnalyzerError\B3_SharedPointerToMap.txt">
      <Filter>Resource Files\Samples\AnalyzerError</Filter>
    </Text>
    <Text Include="..\TestFiles\Samples\AnalyzerError\B3_SharedPointerToString.txt">
      <Filter>Resource Files\Samples\AnalyzerError</Filter>
    </Text>
    <Text Include="..\TestFiles\Samples\AnalyzerError\B3_SharedPointerToStruct.txt">
      <Filter>Resource Files\Samples\AnalyzerError</Filter>
    </Text>
    <Text Include="..\TestFiles\Samples\AnalyzerError\B3_SharedPointerToVoid.txt">
      <Filter>Resource Files\Samples\AnalyzerError</Filter>
    </Text>
    <Text Include="..\TestFiles\Samples\AnalyzerError\B4_NullableToClass.txt">
      <Filter>Resource Files\Samples\AnalyzerError</Filter>
    </Text>
    <Text Include="..\TestFiles\Samples\AnalyzerError\B4_NullableToEnumerable.txt">
      <Filter>Resource Files\Samples\AnalyzerError</Filter>
    </Text>
    <Text Include="..\TestFiles\Samples\AnalyzerError\B4_NullableToMap.txt">
      <Filter>Resource Files\Samples\AnalyzerError</Filter>
    </Text>
    <Text Include="..\TestFiles\Samples\AnalyzerError\B4_NullableToVoid.txt">
      <Filter>Resource Files\Samples\AnalyzerError</Filter>
    </Text>
    <Text Include="..\TestFiles\Samples\AnalyzerError\B5_ChildOfEnumerable.txt">
      <Filter>Resource Files\Samples\AnalyzerError</Filter>
    </Text>
    <Text Include="..\TestFiles\Samples\AnalyzerError\B5_ChildOfMap.txt">
      <Filter>Resource Files\Samples\AnalyzerError</Filter>
    </Text>
    <Text Include="..\TestFiles\Samples\AnalyzerError\B7_ClassNotForValue.txt">
      <Filter>Resource Files\Samples\AnalyzerError</Filter>
    </Text>
    <Text Include="..\TestFiles\Samples\AnalyzerError\D1_DuplicatedFunction.txt">
      <Filter>Resource Files\Samples\AnalyzerError</Filter>
    </Text>
    <Text Include="..\TestFiles\Samples\AnalyzerError\D1_DuplicatedNamespace.txt">
      <Filter>Resource Files\Samples\AnalyzerError</Filter>
    </Text>
    <Text Include="..\TestFiles\Samples\AnalyzerError\D1_DuplicatedVariable.txt">
      <Filter>Resource Files\Samples\AnalyzerError</Filter>
    </Text>
    <Text Include="..\TestFiles\Samples\AnalyzerError\D1_OverloadedFunction.txt">
      <Filter>Resource Files\Samples\AnalyzerError</Filter>
    </Text>
    <Text Include="..\TestFiles\Samples\AnalyzerError\D1_OverloadedNamespace.txt">
      <Filter>Resource Files\Samples\AnalyzerError</Filter>
    </Text>
    <Text Include="..\TestFiles\Samples\AnalyzerError\D1_OverloadedVariable.txt">
      <Filter>Resource Files\Samples\AnalyzerError</Filter>
    </Text>
    <Text Include="..\TestFiles\Samples\AnalyzerError\D2_DuplicatedFunctionArgument.txt">
      <Filter>Resource Files\Samples\AnalyzerError</Filter>
    </Text>
    <Text Include="..\TestFiles\Samples\AnalyzerError\D2_DuplicatedLambdaFunctionArgument.txt">
      <Filter>Resource Files\Samples\AnalyzerError</Filter>
    </Text>
    <Text Include="..\TestFiles\Samples\AnalyzerError\D2_DuplicatedLetVariable.txt">
      <Filter>Resource Files\Samples\AnalyzerError</Filter>
    </Text>
    <Text Include="..\TestFiles\Samples\AnalyzerError\D2_DuplicatedVariable.txt">
      <Filter>Resource Files\Samples\AnalyzerError</Filter>
    </Text>
    <Text Include="..\TestFiles\Samples\AnalyzerError\E0_NoWildCard.txt">
      <Filter>Resource Files\Samples\AnalyzerError</Filter>
    </Text>
    <Text Include="..\TestFiles\Samples\AnalyzerError\E0_TooManyWildCard.txt">
      <Filter>Resource Files\Samples\AnalyzerError</Filter>
    </Text>
    <Text Include="..\TestFiles\Samples\AnalyzerError\E0_WildCardInWrongPlace.txt">
      <Filter>Resource Files\Samples\AnalyzerError</Filter>
    </Text>
    <Text Include="..\TestFiles\Samples\AnalyzerError\B6_FunctionIsNotType.txt">
      <Filter>Resource Files\Samples\AnalyzerError</Filter>
    </Text>
    <Text Include="..\TestFiles\Samples\AnalyzerError\B6_VariableIsNotType.txt">
      <Filter>Resource Files\Samples\AnalyzerError</Filter>
    </Text>
    <Text Include="..\TestFiles\Samples\AnalyzerError\F3_TypeReferenceToVariablesInNestedBlocks.txt">
      <Filter>Resource Files\Samples\AnalyzerError</Filter>
    </Text>
    <Text Include="..\TestFiles\Samples\AnalyzerError\F0_TypeTopQualifiedSymbolNotExists.txt">
      <Filter>Resource Files\Samples\AnalyzerError</Filter>
    </Text>
    <Text Include="..\TestFiles\Samples\AnalyzerError\F1_TypeChildSymbolNotExists.txt">
      <Filter>Resource Files\Samples\AnalyzerError</Filter>
    </Text>
    <Text Include="..\TestFiles\Samples\AnalyzerError\F2_TypeReferenceNotExists.txt">
      <Filter>Resource Files\Samples\AnalyzerError</Filter>
    </Text>
    <Text Include="..\TestFiles\Samples\AnalyzerError\F0_ExpressionTopQualifiedSymbolNotExists.txt">
      <Filter>Resource Files\Samples\AnalyzerError</Filter>
    </Text>
    <Text Include="..\TestFiles\Samples\AnalyzerError\F1_ExpressionChildSymbolNotExists.txt">
      <Filter>Resource Files\Samples\AnalyzerError</Filter>
    </Text>
    <Text Include="..\TestFiles\Samples\AnalyzerError\F2_ExpressionReferenceNotExists.txt">
      <Filter>Resource Files\Samples\AnalyzerError</Filter>
    </Text>
    <Text Include="..\TestFiles\Samples\AnalyzerError\F3_ExpressionReferenceToVariablesInNestedBlocks.txt">
      <Filter>Resource Files\Samples\AnalyzerError</Filter>
    </Text>
    <Text Include="..\TestFiles\Samples\AnalyzerError\A8_ExpressionIsNotScopeName.txt">
      <Filter>Resource Files\Samples\AnalyzerError</Filter>
    </Text>
    <Text Include="..\TestFiles\Samples\AnalyzerError\A9_ExpressionCannotResolveType.txt">
      <Filter>Resource Files\Samples\AnalyzerError</Filter>
    </Text>
    <Text Include="..\TestFiles\Samples\AnalyzerError\A7_ScopeNameIsNotExpression.txt">
      <Filter>Resource Files\Samples\AnalyzerError</Filter>
    </Text>
    <Text Include="..\TestFiles\Samples\AnalyzerError\A10_BaseToDerived.txt">
      <Filter>Resource Files\Samples\AnalyzerError</Filter>
    </Text>
    <Text Include="..\TestFiles\Samples\AnalyzerError\A10_NullableToNullable.txt">
      <Filter>Resource Files\Samples\AnalyzerError</Filter>
    </Text>
    <Text Include="..\TestFiles\Samples\AnalyzerError\A10_NullableToRawPtr.txt">
      <Filter>Resource Files\Samples\AnalyzerError</Filter>
    </Text>
    <Text Include="..\TestFiles\Samples\AnalyzerError\A10_NullableToSharedPtr.txt">
      <Filter>Resource Files\Samples\AnalyzerError</Filter>
    </Text>
    <Text Include="..\TestFiles\Samples\AnalyzerError\A10_NullableToStruct.txt">
      <Filter>Resource Files\Samples\AnalyzerError</Filter>
    </Text>
    <Text Include="..\TestFiles\Samples\AnalyzerError\A10_RawPtrToNullable.txt">
      <Filter>Resource Files\Samples\AnalyzerError</Filter>
    </Text>
    <Text Include="..\TestFiles\Samples\AnalyzerError\A10_RawPtrToSharedPtr.txt">
      <Filter>Resource Files\Samples\AnalyzerError</Filter>
    </Text>
    <Text Include="..\TestFiles\Samples\AnalyzerError\A10_RawPtrToStruct.txt">
      <Filter>Resource Files\Samples\AnalyzerError</Filter>
    </Text>
    <Text Include="..\TestFiles\Samples\AnalyzerError\A10_SharedPtrToNullable.txt">
      <Filter>Resource Files\Samples\AnalyzerError</Filter>
    </Text>
    <Text Include="..\TestFiles\Samples\AnalyzerError\A10_SharedPtrToStruct.txt">
      <Filter>Resource Files\Samples\AnalyzerError</Filter>
    </Text>
    <Text Include="..\TestFiles\Samples\AnalyzerError\A10_StructToToNullable.txt">
      <Filter>Resource Files\Samples\AnalyzerError</Filter>
    </Text>
    <Text Include="..\TestFiles\Samples\AnalyzerError\A10_StructToToRawPtr.txt">
      <Filter>Resource Files\Samples\AnalyzerError</Filter>
    </Text>
    <Text Include="..\TestFiles\Samples\AnalyzerError\A10_StructToToSharedPtr.txt">
      <Filter>Resource Files\Samples\AnalyzerError</Filter>
    </Text>
    <Text Include="..\TestFiles\Samples\AnalyzerError\A10_StructToToStruct.txt">
      <Filter>Resource Files\Samples\AnalyzerError</Filter>
    </Text>
    <Text Include="..\TestFiles\Samples\AnalyzerError\A11_NullableToRawPtr.txt">
      <Filter>Resource Files\Samples\AnalyzerError</Filter>
    </Text>
    <Text Include="..\TestFiles\Samples\AnalyzerError\A11_NullableToSharedPtr.txt">
      <Filter>Resource Files\Samples\AnalyzerError</Filter>
    </Text>
    <Text Include="..\TestFiles\Samples\AnalyzerError\A11_RawPtrToNullable.txt">
      <Filter>Resource Files\Samples\AnalyzerError</Filter>
    </Text>
    <Text Include="..\TestFiles\Samples\AnalyzerError\A11_RawPtrToStruct.txt">
      <Filter>Resource Files\Samples\AnalyzerError</Filter>
    </Text>
    <Text Include="..\TestFiles\Samples\AnalyzerError\A11_SharedPtrToNullable.txt">
      <Filter>Resource Files\Samples\AnalyzerError</Filter>
    </Text>
    <Text Include="..\TestFiles\Samples\AnalyzerError\A11_SharedPtrToStruct.txt">
      <Filter>Resource Files\Samples\AnalyzerError</Filter>
    </Text>
    <Text Include="..\TestFiles\Samples\AnalyzerError\A11_StructToToRawPtr.txt">
      <Filter>Resource Files\Samples\AnalyzerError</Filter>
    </Text>
    <Text Include="..\TestFiles\Samples\AnalyzerError\A11_StructToToSharedPtr.txt">
      <Filter>Resource Files\Samples\AnalyzerError</Filter>
    </Text>
    <Text Include="..\TestFiles\Samples\AnalyzerError\F3_ExpressionReferenceToFunctionsByUsing.txt">
      <Filter>Resource Files\Samples\AnalyzerError</Filter>
    </Text>
    <Text Include="..\TestFiles\Samples\AnalyzerError\F3_ExpressionReferenceToFunctionsInLocalAndUsing.txt">
      <Filter>Resource Files\Samples\AnalyzerError</Filter>
    </Text>
    <Text Include="..\TestFiles\Samples\AnalyzerError\F3_ExpressionReferenceToFunctionsInNestedNamespaces.txt">
      <Filter>Resource Files\Samples\AnalyzerError</Filter>
    </Text>
    <Text Include="..\TestFiles\Samples\AnalyzerError\A9_NullCannotResolveType.txt">
      <Filter>Resource Files\Samples\AnalyzerError</Filter>
    </Text>
    <Text Include="..\TestFiles\Samples\AnalyzerError\A9_OrderedLambdaCannotResolveType.txt">
      <Filter>Resource Files\Samples\AnalyzerError</Filter>
    </Text>
    <Text Include="..\TestFiles\Samples\AnalyzerError\A10_OrderedLambdaToStruct.txt">
      <Filter>Resource Files\Samples\AnalyzerError</Filter>
    </Text>
    <Text Include="..\TestFiles\Samples\AnalyzerError\A10_OrderedLambdaToWrongBody.txt">
      <Filter>Resource Files\Samples\AnalyzerError</Filter>
    </Text>
    <Text Include="..\TestFiles\Samples\AnalyzerError\A10_OrderedLambdaToWrongFunctionType.txt">
      <Filter>Resource Files\Samples\AnalyzerError</Filter>
    </Text>
    <Text Include="..\TestFiles\Samples\AnalyzerError\A13_IntegerLiteralOutOfRange.txt">
      <Filter>Resource Files\Samples\AnalyzerError</Filter>
    </Text>
    <Text Include="..\TestFiles\Samples\AnalyzerError\A14_IfExpressionCannotMergeType.txt">
      <Filter>Resource Files\Samples\AnalyzerError</Filter>
    </Text>
    <Text Include="..\TestFiles\Samples\AnalyzerError\A14_RangeCannotMergeType.txt">
      <Filter>Resource Files\Samples\AnalyzerError</Filter>
    </Text>
    <Text Include="..\TestFiles\Samples\AnalyzerError\A9_LetExpressionCannotResolveType.txt">
      <Filter>Resource Files\Samples\AnalyzerError</Filter>
    </Text>
    <Text Include="..\TestFiles\Samples\AnalyzerError\A10_OfBaseToDerived.txt">
      <Filter>Resource Files\Samples\AnalyzerError</Filter>
    </Text>
    <Text Include="..\TestFiles\Samples\AnalyzerError\A10_OfNullableToNullable.txt">
      <Filter>Resource Files\Samples\AnalyzerError</Filter>
    </Text>
    <Text Include="..\TestFiles\Samples\AnalyzerError\A10_OfNullableToRawPtr.txt">
      <Filter>Resource Files\Samples\AnalyzerError</Filter>
    </Text>
    <Text Include="..\TestFiles\Samples\AnalyzerError\A10_OfNullableToSharedPtr.txt">
      <Filter>Resource Files\Samples\AnalyzerError</Filter>
    </Text>
    <Text Include="..\TestFiles\Samples\AnalyzerError\A10_OfNullableToStruct.txt">
      <Filter>Resource Files\Samples\AnalyzerError</Filter>
    </Text>
    <Text Include="..\TestFiles\Samples\AnalyzerError\A10_OfOrderedLambdaToStruct.txt">
      <Filter>Resource Files\Samples\AnalyzerError</Filter>
    </Text>
    <Text Include="..\TestFiles\Samples\AnalyzerError\A10_OfOrderedLambdaToWrongBody.txt">
      <Filter>Resource Files\Samples\AnalyzerError</Filter>
    </Text>
    <Text Include="..\TestFiles\Samples\AnalyzerError\A10_OfOrderedLambdaToWrongFunctionType.txt">
      <Filter>Resource Files\Samples\AnalyzerError</Filter>
    </Text>
    <Text Include="..\TestFiles\Samples\AnalyzerError\A10_OfRawPtrToNullable.txt">
      <Filter>Resource Files\Samples\AnalyzerError</Filter>
    </Text>
    <Text Include="..\TestFiles\Samples\AnalyzerError\A10_OfRawPtrToSharedPtr.txt">
      <Filter>Resource Files\Samples\AnalyzerError</Filter>
    </Text>
    <Text Include="..\TestFiles\Samples\AnalyzerError\A10_OfRawPtrToStruct.txt">
      <Filter>Resource Files\Samples\AnalyzerError</Filter>
    </Text>
    <Text Include="..\TestFiles\Samples\AnalyzerError\A10_OfSharedPtrToNullable.txt">
      <Filter>Resource Files\Samples\AnalyzerError</Filter>
    </Text>
    <Text Include="..\TestFiles\Samples\AnalyzerError\A10_OfSharedPtrToStruct.txt">
      <Filter>Resource Files\Samples\AnalyzerError</Filter>
    </Text>
    <Text Include="..\TestFiles\Samples\AnalyzerError\A10_OfStructToToNullable.txt">
      <Filter>Resource Files\Samples\AnalyzerError</Filter>
    </Text>
    <Text Include="..\TestFiles\Samples\AnalyzerError\A10_OfStructToToRawPtr.txt">
      <Filter>Resource Files\Samples\AnalyzerError</Filter>
    </Text>
    <Text Include="..\TestFiles\Samples\AnalyzerError\A10_OfStructToToSharedPtr.txt">
      <Filter>Resource Files\Samples\AnalyzerError</Filter>
    </Text>
    <Text Include="..\TestFiles\Samples\AnalyzerError\A10_OfStructToToStruct.txt">
      <Filter>Resource Files\Samples\AnalyzerError</Filter>
    </Text>
    <Text Include="..\TestFiles\Samples\AnalyzerError\A12_StructToStruct.txt">
      <Filter>Resource Files\Samples\AnalyzerError</Filter>
    </Text>
    <Text Include="..\TestFiles\Samples\AnalyzerError\A11_AsNullableToRawPtr.txt">
      <Filter>Resource Files\Samples\AnalyzerError</Filter>
    </Text>
    <Text Include="..\TestFiles\Samples\AnalyzerError\A11_AsNullableToSharedPtr.txt">
      <Filter>Resource Files\Samples\AnalyzerError</Filter>
    </Text>
    <Text Include="..\TestFiles\Samples\AnalyzerError\A11_AsRawPtrToNullable.txt">
      <Filter>Resource Files\Samples\AnalyzerError</Filter>
    </Text>
    <Text Include="..\TestFiles\Samples\AnalyzerError\A11_AsRawPtrToStruct.txt">
      <Filter>Resource Files\Samples\AnalyzerError</Filter>
    </Text>
    <Text Include="..\TestFiles\Samples\AnalyzerError\A11_AsSharedPtrToNullable.txt">
      <Filter>Resource Files\Samples\AnalyzerError</Filter>
    </Text>
    <Text Include="..\TestFiles\Samples\AnalyzerError\A11_AsSharedPtrToStruct.txt">
      <Filter>Resource Files\Samples\AnalyzerError</Filter>
    </Text>
    <Text Include="..\TestFiles\Samples\AnalyzerError\A11_AsStructToToRawPtr.txt">
      <Filter>Resource Files\Samples\AnalyzerError</Filter>
    </Text>
    <Text Include="..\TestFiles\Samples\AnalyzerError\A11_AsStructToToSharedPtr.txt">
      <Filter>Resource Files\Samples\AnalyzerError</Filter>
    </Text>
    <Text Include="..\TestFiles\Samples\AnalyzerError\F3_TypeReferenceToFunctionsByUsing.txt">
      <Filter>Resource Files\Samples\AnalyzerError</Filter>
    </Text>
    <Text Include="..\TestFiles\Samples\AnalyzerError\F3_TypeReferenceToFunctionsInLocalAndUsing.txt">
      <Filter>Resource Files\Samples\AnalyzerError</Filter>
    </Text>
    <Text Include="..\TestFiles\Samples\AnalyzerError\F3_TypeReferenceToFunctionsInNestedNamespaces.txt">
      <Filter>Resource Files\Samples\AnalyzerError</Filter>
    </Text>
    <Text Include="..\TestFiles\Samples\AnalyzerError\A7_EventIsNotExpression.txt">
      <Filter>Resource Files\Samples\AnalyzerError</Filter>
    </Text>
    <Text Include="..\TestFiles\Samples\AnalyzerError\F1_TypeMemberNotExists.txt">
      <Filter>Resource Files\Samples\AnalyzerError</Filter>
    </Text>
    <Text Include="..\TestFiles\Samples\AnalyzerError\A10_PropertyMemberToNullable.txt">
      <Filter>Resource Files\Samples\AnalyzerError</Filter>
    </Text>
    <Text Include="..\TestFiles\Samples\AnalyzerError\A10_FunctionMemberToNullable.txt">
      <Filter>Resource Files\Samples\AnalyzerError</Filter>
    </Text>
    <Text Include="..\TestFiles\Samples\AnalyzerError\A10_AnonymousLambdaToWrongFunctionType.txt">
      <Filter>Resource Files\Samples\AnalyzerError</Filter>
    </Text>
    <Text Include="..\TestFiles\Samples\AnalyzerError\A10_FunctionLambdaToStruct.txt">
      <Filter>Resource Files\Samples\AnalyzerError</Filter>
    </Text>
    <Text Include="..\TestFiles\Samples\AnalyzerError\A10_FunctionLambdaToWrongFunctionType.txt">
      <Filter>Resource Files\Samples\AnalyzerError</Filter>
    </Text>
    <Text Include="..\TestFiles\Samples\AnalyzerError\A10_AnonymousLambdaToStruct.txt">
      <Filter>Resource Files\Samples\AnalyzerError</Filter>
    </Text>
    <Text Include="..\TestFiles\Samples\AnalyzerError\A10_WrongAttachExpression.txt">
      <Filter>Resource Files\Samples\AnalyzerError</Filter>
    </Text>
    <Text Include="..\TestFiles\Samples\AnalyzerError\A10_WrongAttachExpressionToStruct.txt">
      <Filter>Resource Files\Samples\AnalyzerError</Filter>
    </Text>
    <Text Include="..\TestFiles\Samples\AnalyzerError\A10_WrongDetachExpression.txt">
      <Filter>Resource Files\Samples\AnalyzerError</Filter>
    </Text>
    <Text Include="..\TestFiles\Samples\AnalyzerError\A10_WrongDetachExpressionToStruct.txt">
      <Filter>Resource Files\Samples\AnalyzerError</Filter>
    </Text>
    <Text Include="..\TestFiles\Samples\AnalyzerError\A10_WrongTypeOfExpressionToStruct.txt">
      <Filter>Resource Files\Samples\AnalyzerError</Filter>
    </Text>
    <Text Include="..\TestFiles\Samples\AnalyzerError\A10_WrongTypeOfTypeToStruct.txt">
      <Filter>Resource Files\Samples\AnalyzerError</Filter>
    </Text>
    <Text Include="..\TestFiles\Samples\AnalyzerError\A10_WrongTypeTestingToStruct.txt">
      <Filter>Resource Files\Samples\AnalyzerError</Filter>
    </Text>
    <Text Include="..\TestFiles\Samples\AnalyzerError\A14_SetTestingInWrongCollection.txt">
      <Filter>Resource Files\Samples\AnalyzerError</Filter>
    </Text>
    <Text Include="..\TestFiles\Samples\AnalyzerError\A15_RangeOfBoolean.txt">
      <Filter>Resource Files\Samples\AnalyzerError</Filter>
    </Text>
    <Text Include="..\TestFiles\Samples\AnalyzerError\A17_IndexNotEnumerableObject.txt">
      <Filter>Resource Files\Samples\AnalyzerError</Filter>
    </Text>
    <Text Include="..\TestFiles\Samples\AnalyzerError\A18_SetTestingInNotEnumerableObject.txt">
      <Filter>Resource Files\Samples\AnalyzerError</Filter>
    </Text>
    <Text Include="..\TestFiles\Samples\AnalyzerError\A9_ConstructorCannotResolveType.txt">
      <Filter>Resource Files\Samples\AnalyzerError</Filter>
    </Text>
    <Text Include="..\TestFiles\Samples\AnalyzerError\A10_ConstructorToStruct.txt">
      <Filter>Resource Files\Samples\AnalyzerError</Filter>
    </Text>
    <Text Include="..\TestFiles\Samples\AnalyzerError\A14_IncompatibleList.txt">
      <Filter>Resource Files\Samples\AnalyzerError</Filter>
    </Text>
    <Text Include="..\TestFiles\Samples\AnalyzerError\A14_IncompatibleMap.txt">
      <Filter>Resource Files\Samples\AnalyzerError</Filter>
    </Text>
    <Text Include="..\TestFiles\Samples\AnalyzerError\A2_EmptyExtendedObserveEvent.txt">
      <Filter>Resource Files\Samples\AnalyzerError</Filter>
    </Text>
    <Text Include="..\TestFiles\Samples\AnalyzerError\F1_ObservedEventNotExists.txt">
      <Filter>Resource Files\Samples\AnalyzerError</Filter>
    </Text>
    <Text Include="..\TestFiles\Samples\AnalyzerError\F1_ObservedPropertyNotExists.txt">
      <Filter>Resource Files\Samples\AnalyzerError</Filter>
    </Text>
    <Text Include="..\TestFiles\Samples\AnalyzerError\F1_ObservedEventNotExists2.txt">
      <Filter>Resource Files\Samples\AnalyzerError</Filter>
    </Text>
    <Text Include="..\TestFiles\Samples\AnalyzerError\F1_ObservedPropertyNotExists2.txt">
      <Filter>Resource Files\Samples\AnalyzerError</Filter>
    </Text>
    <Text Include="..\TestFiles\Samples\AnalyzerError\A19_CallStruct.txt">
      <Filter>Resource Files\Samples\AnalyzerError</Filter>
    </Text>
    <Text Include="..\TestFiles\Samples\AnalyzerError\A20_CallWrongArgumentCount.txt">
      <Filter>Resource Files\Samples\AnalyzerError</Filter>
    </Text>
    <Text Include="..\TestFiles\Samples\AnalyzerError\A21_CallWrongArgument.txt">
      <Filter>Resource Files\Samples\AnalyzerError</Filter>
    </Text>
    <Text Include="..\TestFiles\Samples\AnalyzerError\A22_CannotPickOverloadedFunctions.txt">
      <Filter>Resource Files\Samples\AnalyzerError</Filter>
    </Text>
    <Text Include="..\TestFiles\Samples\AnalyzerError\A10_SharedPtrToRaw.txt">
      <Filter>Resource Files\Samples\AnalyzerError</Filter>
    </Text>
    <Text Include="..\TestFiles\Samples\AnalyzerError\A10_OfSharedToRaw.txt">
      <Filter>Resource Files\Samples\AnalyzerError</Filter>
    </Text>
    <Text Include="..\TestFiles\Samples\AnalyzerError\A22_CannotPickOverloadedConstructor.txt">
      <Filter>Resource Files\Samples\AnalyzerError</Filter>
    </Text>
    <Text Include="..\TestFiles\Samples\AnalyzerError\A23_NewStruct.txt">
      <Filter>Resource Files\Samples\AnalyzerError</Filter>
    </Text>
    <Text Include="..\TestFiles\Samples\AnalyzerError\A23_ImplementStruct.txt">
      <Filter>Resource Files\Samples\AnalyzerError</Filter>
    </Text>
    <Text Include="..\TestFiles\Samples\AnalyzerError\A24_CallRawConstructorToShared.txt">
      <Filter>Resource Files\Samples\AnalyzerError</Filter>
    </Text>
    <Text Include="..\TestFiles\Samples\AnalyzerError\D3_ImplementMissFunction.txt">
      <Filter>Resource Files\Samples\AnalyzerError</Filter>
    </Text>
    <Text Include="..\TestFiles\Samples\AnalyzerError\D4_ImplementUnexistsFunction.txt">
      <Filter>Resource Files\Samples\AnalyzerError</Filter>
    </Text>
    <Text Include="..\TestFiles\Samples\AnalyzerError\D6_ImplementDuplicateFunction.txt">
      <Filter>Resource Files\Samples\AnalyzerError</Filter>
    </Text>
    <Text Include="..\TestFiles\Samples\AnalyzerError\A25_AssignToFunctionCall.txt">
      <Filter>Resource Files\Samples\AnalyzerError</Filter>
    </Text>
    <Text Include="..\TestFiles\Samples\AnalyzerError\A25_AssignToConstant.txt">
      <Filter>Resource Files\Samples\AnalyzerError</Filter>
    </Text>
    <Text Include="..\TestFiles\Samples\AnalyzerError\A25_AssignToReadonlyProperty.txt">
      <Filter>Resource Files\Samples\AnalyzerError</Filter>
    </Text>
    <Text Include="..\TestFiles\Samples\AnalyzerError\A25_AssignToReadonlyList.txt">
      <Filter>Resource Files\Samples\AnalyzerError</Filter>
    </Text>
    <Text Include="..\TestFiles\Samples\AnalyzerError\A10_AssignToVariable.txt">
      <Filter>Resource Files\Samples\AnalyzerError</Filter>
    </Text>
    <Text Include="..\TestFiles\Samples\AnalyzerError\A10_AssignToList.txt">
      <Filter>Resource Files\Samples\AnalyzerError</Filter>
    </Text>
    <Text Include="..\TestFiles\Samples\AnalyzerError\C4_ReturnMissExpression.txt">
      <Filter>Resource Files\Samples\AnalyzerError</Filter>
    </Text>
    <Text Include="..\TestFiles\Samples\AnalyzerError\C5_DeleteNonRawPointer.txt">
      <Filter>Resource Files\Samples\AnalyzerError</Filter>
    </Text>
    <Text Include="..\TestFiles\Samples\AnalyzerError\A10_WrongIfVariable.txt">
      <Filter>Resource Files\Samples\AnalyzerError</Filter>
    </Text>
    <Text Include="..\TestFiles\Samples\AnalyzerError\A14_IncompatibleSwitch.txt">
      <Filter>Resource Files\Samples\AnalyzerError</Filter>
    </Text>
    <Text Include="..\TestFiles\Samples\AnalyzerError\A18_ForInNotEnumerableObject.txt">
      <Filter>Resource Files\Samples\AnalyzerError</Filter>
    </Text>
    <Text Include="..\TestFiles\Samples\AnalyzerError\A25_AssignToArgument.txt">
      <Filter>Resource Files\Samples\AnalyzerError</Filter>
    </Text>
    <Text Include="..\TestFiles\Samples\AnalyzerError\A25_AssignToLambdaArgument.txt">
      <Filter>Resource Files\Samples\AnalyzerError</Filter>
    </Text>
    <Text Include="..\TestFiles\Samples\AnalyzerError\A25_AssignToOrderedLambdaArgument.txt">
      <Filter>Resource Files\Samples\AnalyzerError</Filter>
    </Text>
    <Text Include="..\TestFiles\Samples\AnalyzerError\A25_AssignToCapturedVariable.txt">
      <Filter>Resource Files\Samples\AnalyzerError</Filter>
    </Text>
    <Text Include="..\TestFiles\Samples\AnalyzerError\A25_AssignToStructField.txt">
      <Filter>Resource Files\Samples\AnalyzerError</Filter>
    </Text>
    <Text Include="..\TestFiles\Samples\AnalyzerError\A25_AssignToCapturedVariable2.txt">
      <Filter>Resource Files\Samples\AnalyzerError</Filter>
    </Text>
    <Text Include="..\TestFiles\Samples\IndexCodegen.txt">
      <Filter>Resource Files\Samples</Filter>
    </Text>
    <Text Include="..\TestFiles\Samples\Codegen\HelloWorld.txt">
      <Filter>Resource Files\Samples\Codegen</Filter>
    </Text>
    <Text Include="..\TestFiles\Samples\Codegen\OpNot.txt">
      <Filter>Resource Files\Samples\Codegen</Filter>
    </Text>
    <Text Include="..\TestFiles\Samples\Codegen\OpPositive.txt">
      <Filter>Resource Files\Samples\Codegen</Filter>
    </Text>
    <Text Include="..\TestFiles\Samples\Codegen\OpNegative.txt">
      <Filter>Resource Files\Samples\Codegen</Filter>
    </Text>
    <Text Include="..\TestFiles\Samples\Codegen\OpAdd.txt">
      <Filter>Resource Files\Samples\Codegen</Filter>
    </Text>
    <Text Include="..\TestFiles\Samples\Codegen\OpMul.txt">
      <Filter>Resource Files\Samples\Codegen</Filter>
    </Text>
    <Text Include="..\TestFiles\Samples\Codegen\OpSub.txt">
      <Filter>Resource Files\Samples\Codegen</Filter>
    </Text>
    <Text Include="..\TestFiles\Samples\Codegen\OpDiv.txt">
      <Filter>Resource Files\Samples\Codegen</Filter>
    </Text>
    <Text Include="..\TestFiles\Samples\Codegen\OpShr.txt">
      <Filter>Resource Files\Samples\Codegen</Filter>
    </Text>
    <Text Include="..\TestFiles\Samples\Codegen\OpShl.txt">
      <Filter>Resource Files\Samples\Codegen</Filter>
    </Text>
    <Text Include="..\TestFiles\Samples\Codegen\OpAnd.txt">
      <Filter>Resource Files\Samples\Codegen</Filter>
    </Text>
    <Text Include="..\TestFiles\Samples\Codegen\OpOr.txt">
      <Filter>Resource Files\Samples\Codegen</Filter>
    </Text>
    <Text Include="..\TestFiles\Samples\Codegen\OpXor.txt">
      <Filter>Resource Files\Samples\Codegen</Filter>
    </Text>
    <Text Include="..\TestFiles\Samples\Codegen\OpCompare.txt">
      <Filter>Resource Files\Samples\Codegen</Filter>
    </Text>
    <Text Include="..\TestFiles\Samples\Codegen\OpCompareReference.txt">
      <Filter>Resource Files\Samples\Codegen</Filter>
    </Text>
    <Text Include="..\TestFiles\Samples\Codegen\ListProcessing.txt">
      <Filter>Resource Files\Samples\Codegen</Filter>
    </Text>
    <Text Include="..\TestFiles\Samples\Codegen\MapProcessing.txt">
      <Filter>Resource Files\Samples\Codegen</Filter>
    </Text>
    <Text Include="..\TestFiles\Samples\Codegen\TypeOf.txt">
      <Filter>Resource Files\Samples\Codegen</Filter>
    </Text>
    <Text Include="..\TestFiles\Samples\Codegen\ElementInSet.txt">
      <Filter>Resource Files\Samples\Codegen</Filter>
    </Text>
    <Text Include="..\TestFiles\Samples\Codegen\TypeTesting.txt">
      <Filter>Resource Files\Samples\Codegen</Filter>
    </Text>
    <Text Include="..\TestFiles\Samples\Codegen\RecursiveFunction.txt">
      <Filter>Resource Files\Samples\Codegen</Filter>
    </Text>
    <Text Include="..\TestFiles\Samples\Codegen\GlobalVariable.txt">
      <Filter>Resource Files\Samples\Codegen</Filter>
    </Text>
    <Text Include="..\TestFiles\Samples\Codegen\LetIn.txt">
      <Filter>Resource Files\Samples\Codegen</Filter>
    </Text>
    <Text Include="..\TestFiles\Samples\Codegen\Property.txt">
      <Filter>Resource Files\Samples\Codegen</Filter>
    </Text>
    <Text Include="..\TestFiles\Samples\Codegen\MethodClosure.txt">
      <Filter>Resource Files\Samples\Codegen</Filter>
    </Text>
    <Text Include="..\TestFiles\Samples\Codegen\ControlFlow.txt">
      <Filter>Resource Files\Samples\Codegen</Filter>
    </Text>
    <Text Include="..\TestFiles\Samples\Codegen\StaticMethod.txt">
      <Filter>Resource Files\Samples\Codegen</Filter>
    </Text>
    <Text Include="..\TestFiles\Samples\Codegen\Event.txt">
      <Filter>Resource Files\Samples\Codegen</Filter>
    </Text>
    <Text Include="..\TestFiles\Samples\Codegen\IfNotNull.txt">
      <Filter>Resource Files\Samples\Codegen</Filter>
    </Text>
    <Text Include="..\TestFiles\Samples\Codegen\ForEach.txt">
      <Filter>Resource Files\Samples\Codegen</Filter>
    </Text>
    <Text Include="..\TestFiles\Samples\Codegen\AnonymousLambda.txt">
      <Filter>Resource Files\Samples\Codegen</Filter>
    </Text>
    <Text Include="..\TestFiles\Samples\Codegen\NamedLambda.txt">
      <Filter>Resource Files\Samples\Codegen</Filter>
    </Text>
    <Text Include="..\TestFiles\Samples\Codegen\OrderedLambda.txt">
      <Filter>Resource Files\Samples\Codegen</Filter>
    </Text>
    <Text Include="..\TestFiles\Samples\Codegen\TryFinally.txt">
      <Filter>Resource Files\Samples\Codegen</Filter>
    </Text>
    <Text Include="..\TestFiles\Samples\Codegen\TryCatch.txt">
      <Filter>Resource Files\Samples\Codegen</Filter>
    </Text>
    <Text Include="..\TestFiles\Samples\Codegen\Delete.txt">
      <Filter>Resource Files\Samples\Codegen</Filter>
    </Text>
    <Text Include="..\TestFiles\Samples\Codegen\FailedThen.txt">
      <Filter>Resource Files\Samples\Codegen</Filter>
    </Text>
    <Text Include="..\TestFiles\Samples\Codegen\NewInterface.txt">
      <Filter>Resource Files\Samples\Codegen</Filter>
    </Text>
    <Text Include="..\TestFiles\Samples\Codegen\BindSimple.txt">
      <Filter>Resource Files\Samples\Codegen</Filter>
    </Text>
    <Text Include="..\TestFiles\Samples\Codegen\BindComplex.txt">
      <Filter>Resource Files\Samples\Codegen</Filter>
    </Text>
    <Text Include="..\TestFiles\Samples\Codegen\BindFormat.txt">
      <Filter>Resource Files\Samples\Codegen</Filter>
    </Text>
    <Text Include="..\TestFiles\Samples\Codegen\OpMod.txt">
      <Filter>Resource Files\Samples\Codegen</Filter>
    </Text>
  </ItemGroup>
  <ItemGroup>
    <None Include="..\..\Source\Expression\Codegen.bat">
      <Filter>Workflow\Expression</Filter>
    </None>
  </ItemGroup>
</Project>