<?xml version="1.0" encoding="utf-8"?>
<Project ToolsVersion="4.0" xmlns="http://schemas.microsoft.com/developer/msbuild/2003">
  <ItemGroup>
    <Filter Include="Source Files">
      <UniqueIdentifier>{4FC737F1-C7A5-4376-A066-2A32D752A2FF}</UniqueIdentifier>
      <Extensions>cpp;c;cc;cxx;def;odl;idl;hpj;bat;asm;asmx</Extensions>
    </Filter>
    <Filter Include="Header Files">
      <UniqueIdentifier>{93995380-89BD-4b04-88EB-625FBE52EBFB}</UniqueIdentifier>
      <Extensions>h;hh;hpp;hxx;hm;inl;inc;xsd</Extensions>
    </Filter>
    <Filter Include="Resource Files">
      <UniqueIdentifier>{67DA6AB6-F800-4c08-8B7A-83BB121AAD01}</UniqueIdentifier>
      <Extensions>rc;ico;cur;bmp;dlg;rc2;rct;bin;rgs;gif;jpg;jpeg;jpe;resx;tiff;tif;png;wav;mfcribbon-ms</Extensions>
    </Filter>
    <Filter Include="CodeBehind">
      <UniqueIdentifier>{d7a59e69-9350-4a58-916a-dc00c2231b3f}</UniqueIdentifier>
    </Filter>
  </ItemGroup>
  <ItemGroup>
    <Xml Include="XmlWindowResource.precompiled.xml">
      <Filter>Resource Files</Filter>
    </Xml>
    <Xml Include="XmlWindowResource.xml">
      <Filter>Resource Files</Filter>
    </Xml>
    <Xml Include="XmlWindowResourceControlTemplates.xml">
      <Filter>Resource Files</Filter>
    </Xml>
    <Xml Include="XmlDocDemo.xml">
      <Filter>Resource Files</Filter>
    </Xml>
  </ItemGroup>
  <ItemGroup>
    <ClCompile Include="..\..\..\..\Libraries\GacUI\Public\Source\GacUI.cpp">
      <Filter>Source Files</Filter>
    </ClCompile>
    <ClCompile Include="..\..\..\..\Libraries\GacUI\Public\Source\GacUIReflection.cpp">
      <Filter>Source Files</Filter>
    </ClCompile>
    <ClCompile Include="..\..\..\..\Libraries\GacUI\Public\Source\GacUIWindows.cpp">
      <Filter>Source Files</Filter>
    </ClCompile>
    <ClCompile Include="..\..\..\..\Libraries\GacUI\Public\Source\Vlpp.cpp">
      <Filter>Source Files</Filter>
    </ClCompile>
    <ClCompile Include="Main.cpp">
      <Filter>Source Files</Filter>
    </ClCompile>
    <ClCompile Include="..\..\..\..\Libraries\GacUI\Public\Source\VlppWorkflow.cpp">
      <Filter>Source Files</Filter>
    </ClCompile>
    <ClCompile Include="BottomScrollButtonTemplate.cpp">
      <Filter>CodeBehind</Filter>
    </ClCompile>
    <ClCompile Include="ButtonTemplate.cpp">
      <Filter>CodeBehind</Filter>
    </ClCompile>
    <ClCompile Include="CheckBoxTemplate.cpp">
      <Filter>CodeBehind</Filter>
    </ClCompile>
    <ClCompile Include="CheckItemBackgroundTemplate.cpp">
      <Filter>CodeBehind</Filter>
    </ClCompile>
    <ClCompile Include="CheckTextListTemplate.cpp">
      <Filter>CodeBehind</Filter>
    </ClCompile>
    <ClCompile Include="ComboBoxTemplate.cpp">
      <Filter>CodeBehind</Filter>
    </ClCompile>
    <ClCompile Include="DatePickerTemplate.cpp">
      <Filter>CodeBehind</Filter>
    </ClCompile>
    <ClCompile Include="DocumentLabelTemplate.cpp">
      <Filter>CodeBehind</Filter>
    </ClCompile>
    <ClCompile Include="ExpandingDecoratorTemplate.cpp">
      <Filter>CodeBehind</Filter>
    </ClCompile>
    <ClCompile Include="GroupBoxTemplate.cpp">
      <Filter>CodeBehind</Filter>
    </ClCompile>
    <ClCompile Include="HelloWorldPartialClasses.cpp">
      <Filter>CodeBehind</Filter>
    </ClCompile>
    <ClCompile Include="HScrollHandleTemplate.cpp">
      <Filter>CodeBehind</Filter>
    </ClCompile>
    <ClCompile Include="HScrollTemplate.cpp">
      <Filter>CodeBehind</Filter>
    </ClCompile>
    <ClCompile Include="HTrackerTemplate.cpp">
      <Filter>CodeBehind</Filter>
    </ClCompile>
    <ClCompile Include="ItemBackgroundTemplate.cpp">
      <Filter>CodeBehind</Filter>
    </ClCompile>
    <ClCompile Include="LabelTemplate.cpp">
      <Filter>CodeBehind</Filter>
    </ClCompile>
    <ClCompile Include="LeftScrollButtonTemplate.cpp">
      <Filter>CodeBehind</Filter>
    </ClCompile>
    <ClCompile Include="ListViewColumnHeaderTemplate.cpp">
      <Filter>CodeBehind</Filter>
    </ClCompile>
    <ClCompile Include="ListViewTemplate.cpp">
      <Filter>CodeBehind</Filter>
    </ClCompile>
    <ClCompile Include="MainWindow.cpp">
      <Filter>CodeBehind</Filter>
    </ClCompile>
    <ClCompile Include="MenuBarButtonTemplate.cpp">
      <Filter>CodeBehind</Filter>
    </ClCompile>
    <ClCompile Include="MenuItemButtonTemplate.cpp">
      <Filter>CodeBehind</Filter>
    </ClCompile>
    <ClCompile Include="MenuSplitterTemplate.cpp">
      <Filter>CodeBehind</Filter>
    </ClCompile>
    <ClCompile Include="MultilineTextBoxTemplate.cpp">
      <Filter>CodeBehind</Filter>
    </ClCompile>
    <ClCompile Include="ProgressBarTemplate.cpp">
      <Filter>CodeBehind</Filter>
    </ClCompile>
    <ClCompile Include="RadioButtonTemplate.cpp">
      <Filter>CodeBehind</Filter>
    </ClCompile>
    <ClCompile Include="RadioTextListTemplate.cpp">
      <Filter>CodeBehind</Filter>
    </ClCompile>
    <ClCompile Include="RightScrollButtonTemplate.cpp">
      <Filter>CodeBehind</Filter>
    </ClCompile>
    <ClCompile Include="ScrollViewTemplate.cpp">
      <Filter>CodeBehind</Filter>
    </ClCompile>
    <ClCompile Include="SinglelineTextBoxTemplate.cpp">
      <Filter>CodeBehind</Filter>
    </ClCompile>
    <ClCompile Include="TabDropdownTemplate.cpp">
      <Filter>CodeBehind</Filter>
    </ClCompile>
    <ClCompile Include="TabHeaderTemplate.cpp">
      <Filter>CodeBehind</Filter>
    </ClCompile>
    <ClCompile Include="TabTemplate.cpp">
      <Filter>CodeBehind</Filter>
    </ClCompile>
    <ClCompile Include="TextListTemplate.cpp">
      <Filter>CodeBehind</Filter>
    </ClCompile>
    <ClCompile Include="ToolstripButtonTemplate.cpp">
      <Filter>CodeBehind</Filter>
    </ClCompile>
    <ClCompile Include="ToolstripDropdownButtonTemplate.cpp">
      <Filter>CodeBehind</Filter>
    </ClCompile>
    <ClCompile Include="ToolstripMenuTemplate.cpp">
      <Filter>CodeBehind</Filter>
    </ClCompile>
    <ClCompile Include="ToolstripSplitArrowTemplate.cpp">
      <Filter>CodeBehind</Filter>
    </ClCompile>
    <ClCompile Include="ToolstripSplitButtonTemplate.cpp">
      <Filter>CodeBehind</Filter>
    </ClCompile>
    <ClCompile Include="ToolstripSplitterTemplate.cpp">
      <Filter>CodeBehind</Filter>
    </ClCompile>
    <ClCompile Include="ToolstripTemplate.cpp">
      <Filter>CodeBehind</Filter>
    </ClCompile>
    <ClCompile Include="TopScrollButtonTemplate.cpp">
      <Filter>CodeBehind</Filter>
    </ClCompile>
    <ClCompile Include="TreeViewTemplate.cpp">
      <Filter>CodeBehind</Filter>
    </ClCompile>
    <ClCompile Include="VScrollHandleTemplate.cpp">
      <Filter>CodeBehind</Filter>
    </ClCompile>
    <ClCompile Include="VScrollTemplate.cpp">
      <Filter>CodeBehind</Filter>
    </ClCompile>
    <ClCompile Include="VTrackerTemplate.cpp">
      <Filter>CodeBehind</Filter>
    </ClCompile>
    <ClCompile Include="WindowTemplate.cpp">
      <Filter>CodeBehind</Filter>
    </ClCompile>
  </ItemGroup>
  <ItemGroup>
    <ClInclude Include="..\..\..\..\Libraries\GacUI\Public\Source\GacUI.h">
      <Filter>Header Files</Filter>
    </ClInclude>
    <ClInclude Include="..\..\..\..\Libraries\GacUI\Public\Source\GacUIReflection.h">
      <Filter>Header Files</Filter>
    </ClInclude>
    <ClInclude Include="..\..\..\..\Libraries\GacUI\Public\Source\GacUIWindows.h">
      <Filter>Header Files</Filter>
    </ClInclude>
    <ClInclude Include="..\..\..\..\Libraries\GacUI\Public\Source\Vlpp.h">
      <Filter>Header Files</Filter>
    </ClInclude>
    <ClInclude Include="..\..\..\..\Libraries\GacUI\Public\Source\VlppWorkflow.h">
      <Filter>Header Files</Filter>
    </ClInclude>
    <ClInclude Include="WindowTemplate.h">
      <Filter>CodeBehind</Filter>
    </ClInclude>
    <ClInclude Include="BottomScrollButtonTemplate.h">
      <Filter>CodeBehind</Filter>
    </ClInclude>
    <ClInclude Include="ButtonTemplate.h">
      <Filter>CodeBehind</Filter>
    </ClInclude>
    <ClInclude Include="CheckBoxTemplate.h">
      <Filter>CodeBehind</Filter>
    </ClInclude>
    <ClInclude Include="CheckItemBackgroundTemplate.h">
      <Filter>CodeBehind</Filter>
    </ClInclude>
    <ClInclude Include="CheckTextListTemplate.h">
      <Filter>CodeBehind</Filter>
    </ClInclude>
    <ClInclude Include="ComboBoxTemplate.h">
      <Filter>CodeBehind</Filter>
    </ClInclude>
    <ClInclude Include="DatePickerTemplate.h">
      <Filter>CodeBehind</Filter>
    </ClInclude>
    <ClInclude Include="DocumentLabelTemplate.h">
      <Filter>CodeBehind</Filter>
    </ClInclude>
    <ClInclude Include="ExpandingDecoratorTemplate.h">
      <Filter>CodeBehind</Filter>
    </ClInclude>
    <ClInclude Include="GroupBoxTemplate.h">
      <Filter>CodeBehind</Filter>
    </ClInclude>
    <ClInclude Include="HelloWorld.h">
      <Filter>CodeBehind</Filter>
    </ClInclude>
    <ClInclude Include="HelloWorldPartialClasses.h">
      <Filter>CodeBehind</Filter>
    </ClInclude>
    <ClInclude Include="HScrollHandleTemplate.h">
      <Filter>CodeBehind</Filter>
    </ClInclude>
    <ClInclude Include="HScrollTemplate.h">
      <Filter>CodeBehind</Filter>
    </ClInclude>
    <ClInclude Include="HTrackerTemplate.h">
      <Filter>CodeBehind</Filter>
    </ClInclude>
    <ClInclude Include="ItemBackgroundTemplate.h">
      <Filter>CodeBehind</Filter>
    </ClInclude>
    <ClInclude Include="LabelTemplate.h">
      <Filter>CodeBehind</Filter>
    </ClInclude>
    <ClInclude Include="LeftScrollButtonTemplate.h">
      <Filter>CodeBehind</Filter>
    </ClInclude>
    <ClInclude Include="ListViewColumnHeaderTemplate.h">
      <Filter>CodeBehind</Filter>
    </ClInclude>
    <ClInclude Include="ListViewTemplate.h">
      <Filter>CodeBehind</Filter>
    </ClInclude>
    <ClInclude Include="MainWindow.h">
      <Filter>CodeBehind</Filter>
    </ClInclude>
    <ClInclude Include="MenuBarButtonTemplate.h">
      <Filter>CodeBehind</Filter>
    </ClInclude>
    <ClInclude Include="MenuItemButtonTemplate.h">
      <Filter>CodeBehind</Filter>
    </ClInclude>
    <ClInclude Include="MenuSplitterTemplate.h">
      <Filter>CodeBehind</Filter>
    </ClInclude>
    <ClInclude Include="MultilineTextBoxTemplate.h">
      <Filter>CodeBehind</Filter>
    </ClInclude>
    <ClInclude Include="ProgressBarTemplate.h">
      <Filter>CodeBehind</Filter>
    </ClInclude>
    <ClInclude Include="RadioButtonTemplate.h">
      <Filter>CodeBehind</Filter>
    </ClInclude>
    <ClInclude Include="RadioTextListTemplate.h">
      <Filter>CodeBehind</Filter>
    </ClInclude>
    <ClInclude Include="RightScrollButtonTemplate.h">
      <Filter>CodeBehind</Filter>
    </ClInclude>
    <ClInclude Include="ScrollViewTemplate.h">
      <Filter>CodeBehind</Filter>
    </ClInclude>
    <ClInclude Include="SinglelineTextBoxTemplate.h">
      <Filter>CodeBehind</Filter>
    </ClInclude>
    <ClInclude Include="TabDropdownTemplate.h">
      <Filter>CodeBehind</Filter>
    </ClInclude>
    <ClInclude Include="TabHeaderTemplate.h">
      <Filter>CodeBehind</Filter>
    </ClInclude>
    <ClInclude Include="TabTemplate.h">
      <Filter>CodeBehind</Filter>
    </ClInclude>
    <ClInclude Include="TextListTemplate.h">
      <Filter>CodeBehind</Filter>
    </ClInclude>
    <ClInclude Include="ToolstripButtonTemplate.h">
      <Filter>CodeBehind</Filter>
    </ClInclude>
    <ClInclude Include="ToolstripDropdownButtonTemplate.h">
      <Filter>CodeBehind</Filter>
    </ClInclude>
    <ClInclude Include="ToolstripMenuTemplate.h">
      <Filter>CodeBehind</Filter>
    </ClInclude>
    <ClInclude Include="ToolstripSplitArrowTemplate.h">
      <Filter>CodeBehind</Filter>
    </ClInclude>
    <ClInclude Include="ToolstripSplitButtonTemplate.h">
      <Filter>CodeBehind</Filter>
    </ClInclude>
    <ClInclude Include="ToolstripSplitterTemplate.h">
      <Filter>CodeBehind</Filter>
    </ClInclude>
    <ClInclude Include="ToolstripTemplate.h">
      <Filter>CodeBehind</Filter>
    </ClInclude>
    <ClInclude Include="TopScrollButtonTemplate.h">
      <Filter>CodeBehind</Filter>
    </ClInclude>
    <ClInclude Include="TreeViewTemplate.h">
      <Filter>CodeBehind</Filter>
    </ClInclude>
    <ClInclude Include="VScrollHandleTemplate.h">
      <Filter>CodeBehind</Filter>
    </ClInclude>
    <ClInclude Include="VScrollTemplate.h">
      <Filter>CodeBehind</Filter>
    </ClInclude>
    <ClInclude Include="VTrackerTemplate.h">
      <Filter>CodeBehind</Filter>
    </ClInclude>
  </ItemGroup>
  <ItemGroup>
    <Image Include="_Copy.png">
      <Filter>Resource Files</Filter>
    </Image>
    <Image Include="_Cut.png">
      <Filter>Resource Files</Filter>
    </Image>
    <Image Include="_Delete.png">
      <Filter>Resource Files</Filter>
    </Image>
    <Image Include="_New.png">
      <Filter>Resource Files</Filter>
    </Image>
    <Image Include="_Open.png">
      <Filter>Resource Files</Filter>
    </Image>
    <Image Include="_Paste.png">
      <Filter>Resource Files</Filter>
    </Image>
    <Image Include="_Print.png">
      <Filter>Resource Files</Filter>
    </Image>
    <Image Include="_Redo.png">
      <Filter>Resource Files</Filter>
    </Image>
    <Image Include="_Save.png">
      <Filter>Resource Files</Filter>
    </Image>
    <Image Include="_SaveAs.png">
      <Filter>Resource Files</Filter>
    </Image>
    <Image Include="_Undo.png">
      <Filter>Resource Files</Filter>
    </Image>
    <Image Include="OfficeExcel.ico">
      <Filter>Resource Files</Filter>
    </Image>
    <Image Include="OfficeOneNote.ico">
      <Filter>Resource Files</Filter>
    </Image>
    <Image Include="OfficeOutlook.ico">
      <Filter>Resource Files</Filter>
    </Image>
    <Image Include="OfficePowerPoint.ico">
      <Filter>Resource Files</Filter>
    </Image>
    <Image Include="OfficeWord.ico">
      <Filter>Resource Files</Filter>
    </Image>
  </ItemGroup>
</Project>